// !$*UTF8*$!
{
	archiveVersion = 1;
	classes = {
	};
	objectVersion = 56;
	objects = {

/* Begin PBXBuildFile section */
		1E045CB2298245EE00917E75 /* ScanDocumentsCoordinatorView.swift in Sources */ = {isa = PBXBuildFile; fileRef = 1E045CB1298245EE00917E75 /* ScanDocumentsCoordinatorView.swift */; };
		1E2BC37C295567E600A4821A /* Publisher+Extensions.swift in Sources */ = {isa = PBXBuildFile; fileRef = 1E2BC37B295567E600A4821A /* Publisher+Extensions.swift */; };
		1E2BC37E2955681500A4821A /* Publisher+DefinedScheduler.swift in Sources */ = {isa = PBXBuildFile; fileRef = 1E2BC37D2955681500A4821A /* Publisher+DefinedScheduler.swift */; };
		1E2BC38029556AF700A4821A /* CancelBag.swift in Sources */ = {isa = PBXBuildFile; fileRef = 1E2BC37F29556AF700A4821A /* CancelBag.swift */; };
		1E2BC3842957B9B100A4821A /* Button+Extensions.swift in Sources */ = {isa = PBXBuildFile; fileRef = 1E2BC3832957B9B100A4821A /* Button+Extensions.swift */; };
		1E4B14C92984C972002D1105 /* ScanDocumentsCoordinator.swift in Sources */ = {isa = PBXBuildFile; fileRef = 1E4B14C82984C972002D1105 /* ScanDocumentsCoordinator.swift */; };
		1E4B14CE2984D332002D1105 /* String+Extensions.swift in Sources */ = {isa = PBXBuildFile; fileRef = 1E4B14CD2984D332002D1105 /* String+Extensions.swift */; };
		1E4B14D32984DB89002D1105 /* LandingView.swift in Sources */ = {isa = PBXBuildFile; fileRef = 1E4B14D22984DB89002D1105 /* LandingView.swift */; };
		1E4B14D52984DC5F002D1105 /* LandingViewModel.swift in Sources */ = {isa = PBXBuildFile; fileRef = 1E4B14D42984DC5F002D1105 /* LandingViewModel.swift */; };
		1E63E7D8298781C500571DD3 /* NoteCardView.swift in Sources */ = {isa = PBXBuildFile; fileRef = 1E63E7D7298781C500571DD3 /* NoteCardView.swift */; };
		1E95FB35298A001400586331 /* View+OnReceive.swift in Sources */ = {isa = PBXBuildFile; fileRef = 1E95FB34298A001400586331 /* View+OnReceive.swift */; };
		1EA187212952BC590017B38B /* ViewModel.swift in Sources */ = {isa = PBXBuildFile; fileRef = 1EA187202952BC590017B38B /* ViewModel.swift */; };
		1EA187232952BCCF0017B38B /* HapticFeedbackProvider.swift in Sources */ = {isa = PBXBuildFile; fileRef = 1EA187222952BCCF0017B38B /* HapticFeedbackProvider.swift */; };
		1EA187252952BFD00017B38B /* AppAssembler.swift in Sources */ = {isa = PBXBuildFile; fileRef = 1EA187242952BFD00017B38B /* AppAssembler.swift */; };
		1EA187272952BFDF0017B38B /* CoordinatorAssembly.swift in Sources */ = {isa = PBXBuildFile; fileRef = 1EA187262952BFDF0017B38B /* CoordinatorAssembly.swift */; };
		1EA187292952BFE80017B38B /* ServiceAssembly.swift in Sources */ = {isa = PBXBuildFile; fileRef = 1EA187282952BFE80017B38B /* ServiceAssembly.swift */; };
		1EA1872B2952BFF20017B38B /* ViewModelAssembly.swift in Sources */ = {isa = PBXBuildFile; fileRef = 1EA1872A2952BFF20017B38B /* ViewModelAssembly.swift */; };
		1EA1872E2952C0850017B38B /* AppRootCoordinator.swift in Sources */ = {isa = PBXBuildFile; fileRef = 1EA1872D2952C0850017B38B /* AppRootCoordinator.swift */; };
		1EA187302952C0990017B38B /* AppRootCoordinatorView.swift in Sources */ = {isa = PBXBuildFile; fileRef = 1EA1872F2952C0990017B38B /* AppRootCoordinatorView.swift */; };
		1EA8D8962986D37F0016AFFA /* ScanDocumentsViewModel.swift in Sources */ = {isa = PBXBuildFile; fileRef = 1EA8D8952986D37F0016AFFA /* ScanDocumentsViewModel.swift */; };
		1EA8D8992986DB390016AFFA /* OCRService.swift in Sources */ = {isa = PBXBuildFile; fileRef = 1EA8D8982986DB390016AFFA /* OCRService.swift */; };
		1EA8D89C2986E2990016AFFA /* DocumentScanResult.swift in Sources */ = {isa = PBXBuildFile; fileRef = 1EA8D89B2986E2990016AFFA /* DocumentScanResult.swift */; };
		1EB301D7298F1B19000CA862 /* ChatGPTService.swift in Sources */ = {isa = PBXBuildFile; fileRef = 1EB301D6298F1B19000CA862 /* ChatGPTService.swift */; };
		1EB301DB298F1B66000CA862 /* Summary.swift in Sources */ = {isa = PBXBuildFile; fileRef = 1EB301DA298F1B66000CA862 /* Summary.swift */; };
		1EB301DE298F2019000CA862 /* ApiErrors.swift in Sources */ = {isa = PBXBuildFile; fileRef = 1EB301DD298F2019000CA862 /* ApiErrors.swift */; };
		1EB301E0298F2538000CA862 /* SummariesRepository.swift in Sources */ = {isa = PBXBuildFile; fileRef = 1EB301DF298F2538000CA862 /* SummariesRepository.swift */; };
		1EC0BFAC294BD72E00C7541B /* SynopicApp.swift in Sources */ = {isa = PBXBuildFile; fileRef = 1EC0BFAB294BD72E00C7541B /* SynopicApp.swift */; };
		1EC0BFB0294BD73000C7541B /* Assets.xcassets in Resources */ = {isa = PBXBuildFile; fileRef = 1EC0BFAF294BD73000C7541B /* Assets.xcassets */; };
		1EC0BFBD294BD73000C7541B /* SynopicTests.swift in Sources */ = {isa = PBXBuildFile; fileRef = 1EC0BFBC294BD73000C7541B /* SynopicTests.swift */; };
		1EC0BFC7294BD73000C7541B /* SynopicUITests.swift in Sources */ = {isa = PBXBuildFile; fileRef = 1EC0BFC6294BD73000C7541B /* SynopicUITests.swift */; };
		1EC0BFC9294BD73000C7541B /* SynopicUITestsLaunchTests.swift in Sources */ = {isa = PBXBuildFile; fileRef = 1EC0BFC8294BD73000C7541B /* SynopicUITestsLaunchTests.swift */; };
		1EC0BFE0294E74A100C7541B /* Preview Assets.xcassets in Resources */ = {isa = PBXBuildFile; fileRef = 1EC0BFDF294E74A100C7541B /* Preview Assets.xcassets */; };
		1EC0BFE3294E800200C7541B /* Swinject in Frameworks */ = {isa = PBXBuildFile; productRef = 1EC0BFE2294E800200C7541B /* Swinject */; };
		1EC0BFE6294E80AF00C7541B /* CombineExt in Frameworks */ = {isa = PBXBuildFile; productRef = 1EC0BFE5294E80AF00C7541B /* CombineExt */; };
		1EC949C22990BF8C00024142 /* NoteCreateCoordinatorView.swift in Sources */ = {isa = PBXBuildFile; fileRef = 1EC949C12990BF8C00024142 /* NoteCreateCoordinatorView.swift */; };
		1EC949C42990BFA500024142 /* NoteCreateCoordinator.swift in Sources */ = {isa = PBXBuildFile; fileRef = 1EC949C32990BFA500024142 /* NoteCreateCoordinator.swift */; };
		1EC949C72990C05300024142 /* NoteEditViewModel.swift in Sources */ = {isa = PBXBuildFile; fileRef = 1EC949C62990C05300024142 /* NoteEditViewModel.swift */; };
		1EC949C92990C07300024142 /* NoteEditView.swift in Sources */ = {isa = PBXBuildFile; fileRef = 1EC949C82990C07300024142 /* NoteEditView.swift */; };
		1ED88E2D298F3E5B0052BD10 /* SearchBar.swift in Sources */ = {isa = PBXBuildFile; fileRef = 1ED88E2C298F3E5B0052BD10 /* SearchBar.swift */; };
		1ED88E2F298F78E00052BD10 /* View+Extensions.swift in Sources */ = {isa = PBXBuildFile; fileRef = 1ED88E2E298F78E00052BD10 /* View+Extensions.swift */; };
		1ED88E33299004F30052BD10 /* GroupRow.swift in Sources */ = {isa = PBXBuildFile; fileRef = 1ED88E32299004F30052BD10 /* GroupRow.swift */; };
		1ED88E35299005540052BD10 /* NotesListView.swift in Sources */ = {isa = PBXBuildFile; fileRef = 1ED88E34299005540052BD10 /* NotesListView.swift */; };
		1ED88E3A2990121F0052BD10 /* NoteCoverImageView.swift in Sources */ = {isa = PBXBuildFile; fileRef = 1ED88E392990121F0052BD10 /* NoteCoverImageView.swift */; };
		1ED88E3C29901C310052BD10 /* Date+Extensions.swift in Sources */ = {isa = PBXBuildFile; fileRef = 1ED88E3B29901C310052BD10 /* Date+Extensions.swift */; };
		1ED88E4329904D630052BD10 /* TabBarContent.swift in Sources */ = {isa = PBXBuildFile; fileRef = 1ED88E4229904D630052BD10 /* TabBarContent.swift */; };
		1ED88E45299053750052BD10 /* NotesGridView.swift in Sources */ = {isa = PBXBuildFile; fileRef = 1ED88E44299053750052BD10 /* NotesGridView.swift */; };
		1ED88E4729905AFC0052BD10 /* View+Navigation.swift in Sources */ = {isa = PBXBuildFile; fileRef = 1ED88E4629905AFC0052BD10 /* View+Navigation.swift */; };
		1ED88E4929905B4E0052BD10 /* NotesGridViewModel.swift in Sources */ = {isa = PBXBuildFile; fileRef = 1ED88E4829905B4E0052BD10 /* NotesGridViewModel.swift */; };
		1ED88E4F29905FDF0052BD10 /* NoteDetailsCoordinatorView.swift in Sources */ = {isa = PBXBuildFile; fileRef = 1ED88E4E29905FDF0052BD10 /* NoteDetailsCoordinatorView.swift */; };
		1ED88E5129905FEA0052BD10 /* NoteDetailsCoordinator.swift in Sources */ = {isa = PBXBuildFile; fileRef = 1ED88E5029905FEA0052BD10 /* NoteDetailsCoordinator.swift */; };
		1EFB3F64298716F4005227FB /* UIImage+Extensions.swift in Sources */ = {isa = PBXBuildFile; fileRef = 1EFB3F63298716F4005227FB /* UIImage+Extensions.swift */; };
/* End PBXBuildFile section */

/* Begin PBXContainerItemProxy section */
		1EC0BFB9294BD73000C7541B /* PBXContainerItemProxy */ = {
			isa = PBXContainerItemProxy;
			containerPortal = 1EC0BFA0294BD72E00C7541B /* Project object */;
			proxyType = 1;
			remoteGlobalIDString = 1EC0BFA7294BD72E00C7541B;
			remoteInfo = Synopic;
		};
		1EC0BFC3294BD73000C7541B /* PBXContainerItemProxy */ = {
			isa = PBXContainerItemProxy;
			containerPortal = 1EC0BFA0294BD72E00C7541B /* Project object */;
			proxyType = 1;
			remoteGlobalIDString = 1EC0BFA7294BD72E00C7541B;
			remoteInfo = Synopic;
		};
/* End PBXContainerItemProxy section */

/* Begin PBXFileReference section */
		1E045CB1298245EE00917E75 /* ScanDocumentsCoordinatorView.swift */ = {isa = PBXFileReference; lastKnownFileType = sourcecode.swift; path = ScanDocumentsCoordinatorView.swift; sourceTree = "<group>"; };
		1E2BC37B295567E600A4821A /* Publisher+Extensions.swift */ = {isa = PBXFileReference; lastKnownFileType = sourcecode.swift; path = "Publisher+Extensions.swift"; sourceTree = "<group>"; };
		1E2BC37D2955681500A4821A /* Publisher+DefinedScheduler.swift */ = {isa = PBXFileReference; lastKnownFileType = sourcecode.swift; path = "Publisher+DefinedScheduler.swift"; sourceTree = "<group>"; };
		1E2BC37F29556AF700A4821A /* CancelBag.swift */ = {isa = PBXFileReference; lastKnownFileType = sourcecode.swift; path = CancelBag.swift; sourceTree = "<group>"; };
		1E2BC3832957B9B100A4821A /* Button+Extensions.swift */ = {isa = PBXFileReference; lastKnownFileType = sourcecode.swift; path = "Button+Extensions.swift"; sourceTree = "<group>"; };
		1E4B14C82984C972002D1105 /* ScanDocumentsCoordinator.swift */ = {isa = PBXFileReference; lastKnownFileType = sourcecode.swift; path = ScanDocumentsCoordinator.swift; sourceTree = "<group>"; };
		1E4B14CD2984D332002D1105 /* String+Extensions.swift */ = {isa = PBXFileReference; fileEncoding = 4; lastKnownFileType = sourcecode.swift; path = "String+Extensions.swift"; sourceTree = "<group>"; };
		1E4B14D22984DB89002D1105 /* LandingView.swift */ = {isa = PBXFileReference; lastKnownFileType = sourcecode.swift; path = LandingView.swift; sourceTree = "<group>"; };
		1E4B14D42984DC5F002D1105 /* LandingViewModel.swift */ = {isa = PBXFileReference; lastKnownFileType = sourcecode.swift; path = LandingViewModel.swift; sourceTree = "<group>"; };
		1E63E7D7298781C500571DD3 /* NoteCardView.swift */ = {isa = PBXFileReference; lastKnownFileType = sourcecode.swift; path = NoteCardView.swift; sourceTree = "<group>"; };
		1E95FB34298A001400586331 /* View+OnReceive.swift */ = {isa = PBXFileReference; fileEncoding = 4; lastKnownFileType = sourcecode.swift; path = "View+OnReceive.swift"; sourceTree = "<group>"; };
		1EA187202952BC590017B38B /* ViewModel.swift */ = {isa = PBXFileReference; lastKnownFileType = sourcecode.swift; path = ViewModel.swift; sourceTree = "<group>"; };
		1EA187222952BCCF0017B38B /* HapticFeedbackProvider.swift */ = {isa = PBXFileReference; lastKnownFileType = sourcecode.swift; path = HapticFeedbackProvider.swift; sourceTree = "<group>"; };
		1EA187242952BFD00017B38B /* AppAssembler.swift */ = {isa = PBXFileReference; lastKnownFileType = sourcecode.swift; path = AppAssembler.swift; sourceTree = "<group>"; };
		1EA187262952BFDF0017B38B /* CoordinatorAssembly.swift */ = {isa = PBXFileReference; lastKnownFileType = sourcecode.swift; path = CoordinatorAssembly.swift; sourceTree = "<group>"; };
		1EA187282952BFE80017B38B /* ServiceAssembly.swift */ = {isa = PBXFileReference; lastKnownFileType = sourcecode.swift; path = ServiceAssembly.swift; sourceTree = "<group>"; };
		1EA1872A2952BFF20017B38B /* ViewModelAssembly.swift */ = {isa = PBXFileReference; lastKnownFileType = sourcecode.swift; path = ViewModelAssembly.swift; sourceTree = "<group>"; };
		1EA1872D2952C0850017B38B /* AppRootCoordinator.swift */ = {isa = PBXFileReference; lastKnownFileType = sourcecode.swift; path = AppRootCoordinator.swift; sourceTree = "<group>"; };
		1EA1872F2952C0990017B38B /* AppRootCoordinatorView.swift */ = {isa = PBXFileReference; lastKnownFileType = sourcecode.swift; path = AppRootCoordinatorView.swift; sourceTree = "<group>"; };
		1EA8D8952986D37F0016AFFA /* ScanDocumentsViewModel.swift */ = {isa = PBXFileReference; lastKnownFileType = sourcecode.swift; path = ScanDocumentsViewModel.swift; sourceTree = "<group>"; };
		1EA8D8982986DB390016AFFA /* OCRService.swift */ = {isa = PBXFileReference; lastKnownFileType = sourcecode.swift; path = OCRService.swift; sourceTree = "<group>"; };
		1EA8D89B2986E2990016AFFA /* DocumentScanResult.swift */ = {isa = PBXFileReference; lastKnownFileType = sourcecode.swift; path = DocumentScanResult.swift; sourceTree = "<group>"; };
		1EB301D6298F1B19000CA862 /* ChatGPTService.swift */ = {isa = PBXFileReference; lastKnownFileType = sourcecode.swift; path = ChatGPTService.swift; sourceTree = "<group>"; };
		1EB301DA298F1B66000CA862 /* Summary.swift */ = {isa = PBXFileReference; lastKnownFileType = sourcecode.swift; path = Summary.swift; sourceTree = "<group>"; };
		1EB301DD298F2019000CA862 /* ApiErrors.swift */ = {isa = PBXFileReference; lastKnownFileType = sourcecode.swift; path = ApiErrors.swift; sourceTree = "<group>"; };
		1EB301DF298F2538000CA862 /* SummariesRepository.swift */ = {isa = PBXFileReference; lastKnownFileType = sourcecode.swift; path = SummariesRepository.swift; sourceTree = "<group>"; };
		1EC0BFA8294BD72E00C7541B /* Synopic.app */ = {isa = PBXFileReference; explicitFileType = wrapper.application; includeInIndex = 0; path = Synopic.app; sourceTree = BUILT_PRODUCTS_DIR; };
		1EC0BFAB294BD72E00C7541B /* SynopicApp.swift */ = {isa = PBXFileReference; lastKnownFileType = sourcecode.swift; path = SynopicApp.swift; sourceTree = "<group>"; };
		1EC0BFAF294BD73000C7541B /* Assets.xcassets */ = {isa = PBXFileReference; lastKnownFileType = folder.assetcatalog; path = Assets.xcassets; sourceTree = "<group>"; };
		1EC0BFB8294BD73000C7541B /* SynopicTests.xctest */ = {isa = PBXFileReference; explicitFileType = wrapper.cfbundle; includeInIndex = 0; path = SynopicTests.xctest; sourceTree = BUILT_PRODUCTS_DIR; };
		1EC0BFBC294BD73000C7541B /* SynopicTests.swift */ = {isa = PBXFileReference; lastKnownFileType = sourcecode.swift; path = SynopicTests.swift; sourceTree = "<group>"; };
		1EC0BFC2294BD73000C7541B /* SynopicUITests.xctest */ = {isa = PBXFileReference; explicitFileType = wrapper.cfbundle; includeInIndex = 0; path = SynopicUITests.xctest; sourceTree = BUILT_PRODUCTS_DIR; };
		1EC0BFC6294BD73000C7541B /* SynopicUITests.swift */ = {isa = PBXFileReference; lastKnownFileType = sourcecode.swift; path = SynopicUITests.swift; sourceTree = "<group>"; };
		1EC0BFC8294BD73000C7541B /* SynopicUITestsLaunchTests.swift */ = {isa = PBXFileReference; lastKnownFileType = sourcecode.swift; path = SynopicUITestsLaunchTests.swift; sourceTree = "<group>"; };
		1EC0BFDF294E74A100C7541B /* Preview Assets.xcassets */ = {isa = PBXFileReference; lastKnownFileType = folder.assetcatalog; name = "Preview Assets.xcassets"; path = "Preview Content/Preview Assets.xcassets"; sourceTree = "<group>"; };
		1EC949C12990BF8C00024142 /* NoteCreateCoordinatorView.swift */ = {isa = PBXFileReference; lastKnownFileType = sourcecode.swift; path = NoteCreateCoordinatorView.swift; sourceTree = "<group>"; };
		1EC949C32990BFA500024142 /* NoteCreateCoordinator.swift */ = {isa = PBXFileReference; lastKnownFileType = sourcecode.swift; path = NoteCreateCoordinator.swift; sourceTree = "<group>"; };
		1EC949C62990C05300024142 /* NoteEditViewModel.swift */ = {isa = PBXFileReference; lastKnownFileType = sourcecode.swift; path = NoteEditViewModel.swift; sourceTree = "<group>"; };
		1EC949C82990C07300024142 /* NoteEditView.swift */ = {isa = PBXFileReference; lastKnownFileType = sourcecode.swift; path = NoteEditView.swift; sourceTree = "<group>"; };
		1ED88E2C298F3E5B0052BD10 /* SearchBar.swift */ = {isa = PBXFileReference; lastKnownFileType = sourcecode.swift; path = SearchBar.swift; sourceTree = "<group>"; };
		1ED88E2E298F78E00052BD10 /* View+Extensions.swift */ = {isa = PBXFileReference; lastKnownFileType = sourcecode.swift; path = "View+Extensions.swift"; sourceTree = "<group>"; };
		1ED88E32299004F30052BD10 /* GroupRow.swift */ = {isa = PBXFileReference; lastKnownFileType = sourcecode.swift; path = GroupRow.swift; sourceTree = "<group>"; };
		1ED88E34299005540052BD10 /* NotesListView.swift */ = {isa = PBXFileReference; lastKnownFileType = sourcecode.swift; path = NotesListView.swift; sourceTree = "<group>"; };
		1ED88E392990121F0052BD10 /* NoteCoverImageView.swift */ = {isa = PBXFileReference; lastKnownFileType = sourcecode.swift; path = NoteCoverImageView.swift; sourceTree = "<group>"; };
		1ED88E3B29901C310052BD10 /* Date+Extensions.swift */ = {isa = PBXFileReference; lastKnownFileType = sourcecode.swift; path = "Date+Extensions.swift"; sourceTree = "<group>"; };
		1ED88E4229904D630052BD10 /* TabBarContent.swift */ = {isa = PBXFileReference; lastKnownFileType = sourcecode.swift; path = TabBarContent.swift; sourceTree = "<group>"; };
		1ED88E44299053750052BD10 /* NotesGridView.swift */ = {isa = PBXFileReference; lastKnownFileType = sourcecode.swift; path = NotesGridView.swift; sourceTree = "<group>"; };
		1ED88E4629905AFC0052BD10 /* View+Navigation.swift */ = {isa = PBXFileReference; lastKnownFileType = sourcecode.swift; path = "View+Navigation.swift"; sourceTree = "<group>"; };
		1ED88E4829905B4E0052BD10 /* NotesGridViewModel.swift */ = {isa = PBXFileReference; lastKnownFileType = sourcecode.swift; path = NotesGridViewModel.swift; sourceTree = "<group>"; };
		1ED88E4E29905FDF0052BD10 /* NoteDetailsCoordinatorView.swift */ = {isa = PBXFileReference; lastKnownFileType = sourcecode.swift; path = NoteDetailsCoordinatorView.swift; sourceTree = "<group>"; };
		1ED88E5029905FEA0052BD10 /* NoteDetailsCoordinator.swift */ = {isa = PBXFileReference; lastKnownFileType = sourcecode.swift; path = NoteDetailsCoordinator.swift; sourceTree = "<group>"; };
		1EFB3F63298716F4005227FB /* UIImage+Extensions.swift */ = {isa = PBXFileReference; lastKnownFileType = sourcecode.swift; path = "UIImage+Extensions.swift"; sourceTree = "<group>"; };
/* End PBXFileReference section */

/* Begin PBXFrameworksBuildPhase section */
		1EC0BFA5294BD72E00C7541B /* Frameworks */ = {
			isa = PBXFrameworksBuildPhase;
			buildActionMask = 2147483647;
			files = (
				1EC0BFE6294E80AF00C7541B /* CombineExt in Frameworks */,
				1EC0BFE3294E800200C7541B /* Swinject in Frameworks */,
			);
			runOnlyForDeploymentPostprocessing = 0;
		};
		1EC0BFB5294BD73000C7541B /* Frameworks */ = {
			isa = PBXFrameworksBuildPhase;
			buildActionMask = 2147483647;
			files = (
			);
			runOnlyForDeploymentPostprocessing = 0;
		};
		1EC0BFBF294BD73000C7541B /* Frameworks */ = {
			isa = PBXFrameworksBuildPhase;
			buildActionMask = 2147483647;
			files = (
			);
			runOnlyForDeploymentPostprocessing = 0;
		};
/* End PBXFrameworksBuildPhase section */

/* Begin PBXGroup section */
		1E045CB0298245BA00917E75 /* NoteCreate */ = {
			isa = PBXGroup;
			children = (
				1EC949C52990BFD000024142 /* ScanDocumentsView */,
				1EA8D8972986D3910016AFFA /* Content */,
				1EC949C12990BF8C00024142 /* NoteCreateCoordinatorView.swift */,
				1EC949C32990BFA500024142 /* NoteCreateCoordinator.swift */,
			);
			path = NoteCreate;
			sourceTree = "<group>";
		};
		1E12FBF0297CD5B50077F046 /* OCR */ = {
			isa = PBXGroup;
			children = (
				1EA8D8982986DB390016AFFA /* OCRService.swift */,
				1EA8D89B2986E2990016AFFA /* DocumentScanResult.swift */,
			);
			path = OCR;
			sourceTree = "<group>";
		};
		1E2BC37A295567CA00A4821A /* Combine */ = {
			isa = PBXGroup;
			children = (
				1E2BC37B295567E600A4821A /* Publisher+Extensions.swift */,
				1E2BC37D2955681500A4821A /* Publisher+DefinedScheduler.swift */,
				1E2BC37F29556AF700A4821A /* CancelBag.swift */,
			);
			path = Combine;
			sourceTree = "<group>";
		};
		1E4B14CC2984D316002D1105 /* Extensions */ = {
			isa = PBXGroup;
			children = (
				1E4B14CD2984D332002D1105 /* String+Extensions.swift */,
				1EFB3F63298716F4005227FB /* UIImage+Extensions.swift */,
				1ED88E2E298F78E00052BD10 /* View+Extensions.swift */,
				1ED88E3B29901C310052BD10 /* Date+Extensions.swift */,
			);
			path = Extensions;
			sourceTree = "<group>";
		};
		1E4B14CF2984DB3A002D1105 /* Landing */ = {
			isa = PBXGroup;
			children = (
				1ED88E4A29905BFE0052BD10 /* Components */,
				1E4B14D22984DB89002D1105 /* LandingView.swift */,
				1E4B14D42984DC5F002D1105 /* LandingViewModel.swift */,
			);
			path = Landing;
			sourceTree = "<group>";
		};
		1E63E7D6298781B700571DD3 /* Views */ = {
			isa = PBXGroup;
			children = (
				1E63E7D7298781C500571DD3 /* NoteCardView.swift */,
				1ED88E2C298F3E5B0052BD10 /* SearchBar.swift */,
				1ED88E4229904D630052BD10 /* TabBarContent.swift */,
			);
			path = Views;
			sourceTree = "<group>";
		};
		1EA1872C2952C0710017B38B /* AppRootCoordinator */ = {
			isa = PBXGroup;
			children = (
				1EA1872F2952C0990017B38B /* AppRootCoordinatorView.swift */,
				1EA1872D2952C0850017B38B /* AppRootCoordinator.swift */,
			);
			path = AppRootCoordinator;
			sourceTree = "<group>";
		};
		1EA187312952C60A0017B38B /* SwiftUI */ = {
			isa = PBXGroup;
			children = (
				1E95FB34298A001400586331 /* View+OnReceive.swift */,
				1E2BC3832957B9B100A4821A /* Button+Extensions.swift */,
				1ED88E4629905AFC0052BD10 /* View+Navigation.swift */,
			);
			path = SwiftUI;
			sourceTree = "<group>";
		};
		1EA8D8972986D3910016AFFA /* Content */ = {
			isa = PBXGroup;
			children = (
				1EA8D8952986D37F0016AFFA /* ScanDocumentsViewModel.swift */,
			);
			path = Content;
			sourceTree = "<group>";
		};
		1EB301D5298F192A000CA862 /* Repositories */ = {
			isa = PBXGroup;
			children = (
				1EB301DF298F2538000CA862 /* SummariesRepository.swift */,
			);
			path = Repositories;
			sourceTree = "<group>";
		};
		1EB301D8298F1B29000CA862 /* ChatGPT */ = {
			isa = PBXGroup;
			children = (
				1EB301D6298F1B19000CA862 /* ChatGPTService.swift */,
			);
			path = ChatGPT;
			sourceTree = "<group>";
		};
		1EB301E1298F2542000CA862 /* Models */ = {
			isa = PBXGroup;
			children = (
				1EB301DA298F1B66000CA862 /* Summary.swift */,
			);
			path = Models;
			sourceTree = "<group>";
		};
		1EC0BF9F294BD72E00C7541B = {
			isa = PBXGroup;
			children = (
				1EC0BFAA294BD72E00C7541B /* Synopic */,
				1EC0BFBB294BD73000C7541B /* SynopicTests */,
				1EC0BFC5294BD73000C7541B /* SynopicUITests */,
				1EC0BFA9294BD72E00C7541B /* Products */,
			);
			sourceTree = "<group>";
		};
		1EC0BFA9294BD72E00C7541B /* Products */ = {
			isa = PBXGroup;
			children = (
				1EC0BFA8294BD72E00C7541B /* Synopic.app */,
				1EC0BFB8294BD73000C7541B /* SynopicTests.xctest */,
				1EC0BFC2294BD73000C7541B /* SynopicUITests.xctest */,
			);
			name = Products;
			sourceTree = "<group>";
		};
		1EC0BFAA294BD72E00C7541B /* Synopic */ = {
			isa = PBXGroup;
			children = (
				1EC0BFF2294E841D00C7541B /* Architecture */,
				1EC0BFAF294BD73000C7541B /* Assets.xcassets */,
				1EC0BFF5294F97C900C7541B /* Core */,
				1EC0BFDE294E747800C7541B /* Preview Content */,
				1EC0BFF4294E846900C7541B /* Service */,
				1EC0BFAB294BD72E00C7541B /* SynopicApp.swift */,
				1EC0BFF6294F97D300C7541B /* UI */,
			);
			path = Synopic;
			sourceTree = "<group>";
		};
		1EC0BFBB294BD73000C7541B /* SynopicTests */ = {
			isa = PBXGroup;
			children = (
				1EC0BFBC294BD73000C7541B /* SynopicTests.swift */,
			);
			path = SynopicTests;
			sourceTree = "<group>";
		};
		1EC0BFC5294BD73000C7541B /* SynopicUITests */ = {
			isa = PBXGroup;
			children = (
				1EC0BFC6294BD73000C7541B /* SynopicUITests.swift */,
				1EC0BFC8294BD73000C7541B /* SynopicUITestsLaunchTests.swift */,
			);
			path = SynopicUITests;
			sourceTree = "<group>";
		};
		1EC0BFDE294E747800C7541B /* Preview Content */ = {
			isa = PBXGroup;
			children = (
				1EC0BFDF294E74A100C7541B /* Preview Assets.xcassets */,
			);
			name = "Preview Content";
			sourceTree = "<group>";
		};
		1EC0BFF2294E841D00C7541B /* Architecture */ = {
			isa = PBXGroup;
			children = (
				1EA187202952BC590017B38B /* ViewModel.swift */,
				1EA187242952BFD00017B38B /* AppAssembler.swift */,
				1EA187262952BFDF0017B38B /* CoordinatorAssembly.swift */,
				1EA187282952BFE80017B38B /* ServiceAssembly.swift */,
				1EA1872A2952BFF20017B38B /* ViewModelAssembly.swift */,
			);
			path = Architecture;
			sourceTree = "<group>";
		};
		1EC0BFF4294E846900C7541B /* Service */ = {
			isa = PBXGroup;
			children = (
				1EB301E1298F2542000CA862 /* Models */,
				1EB301D5298F192A000CA862 /* Repositories */,
				1EC5D6BB294FD57700A29BF0 /* API */,
				1EC5D6BA294FD56B00A29BF0 /* Local */,
			);
			path = Service;
			sourceTree = "<group>";
		};
		1EC0BFF5294F97C900C7541B /* Core */ = {
			isa = PBXGroup;
			children = (
				1E4B14CC2984D316002D1105 /* Extensions */,
				1E2BC37A295567CA00A4821A /* Combine */,
				1EA187312952C60A0017B38B /* SwiftUI */,
				1EA187222952BCCF0017B38B /* HapticFeedbackProvider.swift */,
			);
			path = Core;
			sourceTree = "<group>";
		};
		1EC0BFF6294F97D300C7541B /* UI */ = {
			isa = PBXGroup;
			children = (
				1EA1872C2952C0710017B38B /* AppRootCoordinator */,
				1E4B14CF2984DB3A002D1105 /* Landing */,
				1ED88E3D2990337B0052BD10 /* NoteDetails */,
				1E63E7D6298781B700571DD3 /* Views */,
			);
			path = UI;
			sourceTree = "<group>";
		};
		1EC5D6BA294FD56B00A29BF0 /* Local */ = {
			isa = PBXGroup;
			children = (
				1E12FBF0297CD5B50077F046 /* OCR */,
			);
			path = Local;
			sourceTree = "<group>";
		};
		1EC5D6BB294FD57700A29BF0 /* API */ = {
			isa = PBXGroup;
			children = (
				1EB301D8298F1B29000CA862 /* ChatGPT */,
				1EB301DD298F2019000CA862 /* ApiErrors.swift */,
			);
			path = API;
			sourceTree = "<group>";
		};
		1EC949B929909C3900024142 /* NoteEdit */ = {
			isa = PBXGroup;
			children = (
				1EC949C62990C05300024142 /* NoteEditViewModel.swift */,
				1EC949C82990C07300024142 /* NoteEditView.swift */,
			);
			path = NoteEdit;
			sourceTree = "<group>";
		};
		1EC949BE2990BF3100024142 /* Components */ = {
			isa = PBXGroup;
			children = (
				1EC949B929909C3900024142 /* NoteEdit */,
				1E045CB0298245BA00917E75 /* NoteCreate */,
				1ED88E4B29905F2C0052BD10 /* NotesGridView */,
			);
			path = Components;
			sourceTree = "<group>";
		};
		1EC949C52990BFD000024142 /* ScanDocumentsView */ = {
			isa = PBXGroup;
			children = (
				1E4B14C82984C972002D1105 /* ScanDocumentsCoordinator.swift */,
				1E045CB1298245EE00917E75 /* ScanDocumentsCoordinatorView.swift */,
			);
			path = ScanDocumentsView;
			sourceTree = "<group>";
		};
		1ED88E3D2990337B0052BD10 /* NoteDetails */ = {
			isa = PBXGroup;
			children = (
				1EC949BE2990BF3100024142 /* Components */,
				1ED88E4E29905FDF0052BD10 /* NoteDetailsCoordinatorView.swift */,
				1ED88E5029905FEA0052BD10 /* NoteDetailsCoordinator.swift */,
			);
			path = NoteDetails;
			sourceTree = "<group>";
		};
		1ED88E4A29905BFE0052BD10 /* Components */ = {
			isa = PBXGroup;
			children = (
				1ED88E32299004F30052BD10 /* GroupRow.swift */,
				1ED88E34299005540052BD10 /* NotesListView.swift */,
				1ED88E392990121F0052BD10 /* NoteCoverImageView.swift */,
			);
			path = Components;
			sourceTree = "<group>";
		};
		1ED88E4B29905F2C0052BD10 /* NotesGridView */ = {
			isa = PBXGroup;
			children = (
				1ED88E44299053750052BD10 /* NotesGridView.swift */,
				1ED88E4829905B4E0052BD10 /* NotesGridViewModel.swift */,
			);
			path = NotesGridView;
			sourceTree = "<group>";
		};
/* End PBXGroup section */

/* Begin PBXNativeTarget section */
		1EC0BFA7294BD72E00C7541B /* Synopic */ = {
			isa = PBXNativeTarget;
			buildConfigurationList = 1EC0BFCC294BD73000C7541B /* Build configuration list for PBXNativeTarget "Synopic" */;
			buildPhases = (
				1EC0BFA4294BD72E00C7541B /* Sources */,
				1EC0BFA5294BD72E00C7541B /* Frameworks */,
				1EC0BFA6294BD72E00C7541B /* Resources */,
			);
			buildRules = (
			);
			dependencies = (
			);
			name = Synopic;
			packageProductDependencies = (
				1EC0BFE2294E800200C7541B /* Swinject */,
				1EC0BFE5294E80AF00C7541B /* CombineExt */,
			);
			productName = Synopic;
			productReference = 1EC0BFA8294BD72E00C7541B /* Synopic.app */;
			productType = "com.apple.product-type.application";
		};
		1EC0BFB7294BD73000C7541B /* SynopicTests */ = {
			isa = PBXNativeTarget;
			buildConfigurationList = 1EC0BFCF294BD73000C7541B /* Build configuration list for PBXNativeTarget "SynopicTests" */;
			buildPhases = (
				1EC0BFB4294BD73000C7541B /* Sources */,
				1EC0BFB5294BD73000C7541B /* Frameworks */,
				1EC0BFB6294BD73000C7541B /* Resources */,
			);
			buildRules = (
			);
			dependencies = (
				1EC0BFBA294BD73000C7541B /* PBXTargetDependency */,
			);
			name = SynopicTests;
			productName = SynopicTests;
			productReference = 1EC0BFB8294BD73000C7541B /* SynopicTests.xctest */;
			productType = "com.apple.product-type.bundle.unit-test";
		};
		1EC0BFC1294BD73000C7541B /* SynopicUITests */ = {
			isa = PBXNativeTarget;
			buildConfigurationList = 1EC0BFD2294BD73000C7541B /* Build configuration list for PBXNativeTarget "SynopicUITests" */;
			buildPhases = (
				1EC0BFBE294BD73000C7541B /* Sources */,
				1EC0BFBF294BD73000C7541B /* Frameworks */,
				1EC0BFC0294BD73000C7541B /* Resources */,
			);
			buildRules = (
			);
			dependencies = (
				1EC0BFC4294BD73000C7541B /* PBXTargetDependency */,
			);
			name = SynopicUITests;
			productName = SynopicUITests;
			productReference = 1EC0BFC2294BD73000C7541B /* SynopicUITests.xctest */;
			productType = "com.apple.product-type.bundle.ui-testing";
		};
/* End PBXNativeTarget section */

/* Begin PBXProject section */
		1EC0BFA0294BD72E00C7541B /* Project object */ = {
			isa = PBXProject;
			attributes = {
				BuildIndependentTargetsInParallel = 1;
				LastSwiftUpdateCheck = 1420;
				LastUpgradeCheck = 1420;
				TargetAttributes = {
					1EC0BFA7294BD72E00C7541B = {
						CreatedOnToolsVersion = 14.2;
					};
					1EC0BFB7294BD73000C7541B = {
						CreatedOnToolsVersion = 14.2;
						TestTargetID = 1EC0BFA7294BD72E00C7541B;
					};
					1EC0BFC1294BD73000C7541B = {
						CreatedOnToolsVersion = 14.2;
						TestTargetID = 1EC0BFA7294BD72E00C7541B;
					};
				};
			};
			buildConfigurationList = 1EC0BFA3294BD72E00C7541B /* Build configuration list for PBXProject "Synopic" */;
			compatibilityVersion = "Xcode 14.0";
			developmentRegion = en;
			hasScannedForEncodings = 0;
			knownRegions = (
				en,
				Base,
			);
			mainGroup = 1EC0BF9F294BD72E00C7541B;
			packageReferences = (
				1EC0BFE1294E800200C7541B /* XCRemoteSwiftPackageReference "Swinject" */,
				1EC0BFE4294E80AF00C7541B /* XCRemoteSwiftPackageReference "CombineExt" */,
			);
			productRefGroup = 1EC0BFA9294BD72E00C7541B /* Products */;
			projectDirPath = "";
			projectRoot = "";
			targets = (
				1EC0BFA7294BD72E00C7541B /* Synopic */,
				1EC0BFB7294BD73000C7541B /* SynopicTests */,
				1EC0BFC1294BD73000C7541B /* SynopicUITests */,
			);
		};
/* End PBXProject section */

/* Begin PBXResourcesBuildPhase section */
		1EC0BFA6294BD72E00C7541B /* Resources */ = {
			isa = PBXResourcesBuildPhase;
			buildActionMask = 2147483647;
			files = (
				1EC0BFE0294E74A100C7541B /* Preview Assets.xcassets in Resources */,
				1EC0BFB0294BD73000C7541B /* Assets.xcassets in Resources */,
			);
			runOnlyForDeploymentPostprocessing = 0;
		};
		1EC0BFB6294BD73000C7541B /* Resources */ = {
			isa = PBXResourcesBuildPhase;
			buildActionMask = 2147483647;
			files = (
			);
			runOnlyForDeploymentPostprocessing = 0;
		};
		1EC0BFC0294BD73000C7541B /* Resources */ = {
			isa = PBXResourcesBuildPhase;
			buildActionMask = 2147483647;
			files = (
			);
			runOnlyForDeploymentPostprocessing = 0;
		};
/* End PBXResourcesBuildPhase section */

/* Begin PBXSourcesBuildPhase section */
		1EC0BFA4294BD72E00C7541B /* Sources */ = {
			isa = PBXSourcesBuildPhase;
			buildActionMask = 2147483647;
			files = (
				1EC949C92990C07300024142 /* NoteEditView.swift in Sources */,
				1EC949C42990BFA500024142 /* NoteCreateCoordinator.swift in Sources */,
				1E045CB2298245EE00917E75 /* ScanDocumentsCoordinatorView.swift in Sources */,
				1ED88E2F298F78E00052BD10 /* View+Extensions.swift in Sources */,
				1EA8D8992986DB390016AFFA /* OCRService.swift in Sources */,
				1ED88E3A2990121F0052BD10 /* NoteCoverImageView.swift in Sources */,
				1ED88E4F29905FDF0052BD10 /* NoteDetailsCoordinatorView.swift in Sources */,
				1E4B14D32984DB89002D1105 /* LandingView.swift in Sources */,
				1EA187232952BCCF0017B38B /* HapticFeedbackProvider.swift in Sources */,
				1ED88E4729905AFC0052BD10 /* View+Navigation.swift in Sources */,
				1E2BC3842957B9B100A4821A /* Button+Extensions.swift in Sources */,
				1EC949C72990C05300024142 /* NoteEditViewModel.swift in Sources */,
				1EB301D7298F1B19000CA862 /* ChatGPTService.swift in Sources */,
				1ED88E4929905B4E0052BD10 /* NotesGridViewModel.swift in Sources */,
				1ED88E35299005540052BD10 /* NotesListView.swift in Sources */,
				1E95FB35298A001400586331 /* View+OnReceive.swift in Sources */,
				1EC949C22990BF8C00024142 /* NoteCreateCoordinatorView.swift in Sources */,
				1EA187302952C0990017B38B /* AppRootCoordinatorView.swift in Sources */,
				1EA1872B2952BFF20017B38B /* ViewModelAssembly.swift in Sources */,
				1ED88E45299053750052BD10 /* NotesGridView.swift in Sources */,
				1EA8D8962986D37F0016AFFA /* ScanDocumentsViewModel.swift in Sources */,
				1EA187272952BFDF0017B38B /* CoordinatorAssembly.swift in Sources */,
				1E4B14D52984DC5F002D1105 /* LandingViewModel.swift in Sources */,
				1E2BC37E2955681500A4821A /* Publisher+DefinedScheduler.swift in Sources */,
				1ED88E33299004F30052BD10 /* GroupRow.swift in Sources */,
				1E4B14CE2984D332002D1105 /* String+Extensions.swift in Sources */,
				1EA187292952BFE80017B38B /* ServiceAssembly.swift in Sources */,
				1E63E7D8298781C500571DD3 /* NoteCardView.swift in Sources */,
				1ED88E4329904D630052BD10 /* TabBarContent.swift in Sources */,
				1EA187212952BC590017B38B /* ViewModel.swift in Sources */,
				1ED88E2D298F3E5B0052BD10 /* SearchBar.swift in Sources */,
				1EC0BFAC294BD72E00C7541B /* SynopicApp.swift in Sources */,
				1ED88E3C29901C310052BD10 /* Date+Extensions.swift in Sources */,
				1EFB3F64298716F4005227FB /* UIImage+Extensions.swift in Sources */,
				1EB301DB298F1B66000CA862 /* Summary.swift in Sources */,
				1EA187252952BFD00017B38B /* AppAssembler.swift in Sources */,
				1EB301E0298F2538000CA862 /* SummariesRepository.swift in Sources */,
				1EB301DE298F2019000CA862 /* ApiErrors.swift in Sources */,
				1E2BC38029556AF700A4821A /* CancelBag.swift in Sources */,
				1E4B14C92984C972002D1105 /* ScanDocumentsCoordinator.swift in Sources */,
				1EA8D89C2986E2990016AFFA /* DocumentScanResult.swift in Sources */,
				1EA1872E2952C0850017B38B /* AppRootCoordinator.swift in Sources */,
				1ED88E5129905FEA0052BD10 /* NoteDetailsCoordinator.swift in Sources */,
				1E2BC37C295567E600A4821A /* Publisher+Extensions.swift in Sources */,
			);
			runOnlyForDeploymentPostprocessing = 0;
		};
		1EC0BFB4294BD73000C7541B /* Sources */ = {
			isa = PBXSourcesBuildPhase;
			buildActionMask = 2147483647;
			files = (
				1EC0BFBD294BD73000C7541B /* SynopicTests.swift in Sources */,
			);
			runOnlyForDeploymentPostprocessing = 0;
		};
		1EC0BFBE294BD73000C7541B /* Sources */ = {
			isa = PBXSourcesBuildPhase;
			buildActionMask = 2147483647;
			files = (
				1EC0BFC9294BD73000C7541B /* SynopicUITestsLaunchTests.swift in Sources */,
				1EC0BFC7294BD73000C7541B /* SynopicUITests.swift in Sources */,
			);
			runOnlyForDeploymentPostprocessing = 0;
		};
/* End PBXSourcesBuildPhase section */

/* Begin PBXTargetDependency section */
		1EC0BFBA294BD73000C7541B /* PBXTargetDependency */ = {
			isa = PBXTargetDependency;
			target = 1EC0BFA7294BD72E00C7541B /* Synopic */;
			targetProxy = 1EC0BFB9294BD73000C7541B /* PBXContainerItemProxy */;
		};
		1EC0BFC4294BD73000C7541B /* PBXTargetDependency */ = {
			isa = PBXTargetDependency;
			target = 1EC0BFA7294BD72E00C7541B /* Synopic */;
			targetProxy = 1EC0BFC3294BD73000C7541B /* PBXContainerItemProxy */;
		};
/* End PBXTargetDependency section */

/* Begin XCBuildConfiguration section */
		1EC0BFCA294BD73000C7541B /* Debug */ = {
			isa = XCBuildConfiguration;
			buildSettings = {
				ALWAYS_SEARCH_USER_PATHS = NO;
				CLANG_ANALYZER_NONNULL = YES;
				CLANG_ANALYZER_NUMBER_OBJECT_CONVERSION = YES_AGGRESSIVE;
				CLANG_CXX_LANGUAGE_STANDARD = "gnu++20";
				CLANG_ENABLE_MODULES = YES;
				CLANG_ENABLE_OBJC_ARC = YES;
				CLANG_ENABLE_OBJC_WEAK = YES;
				CLANG_WARN_BLOCK_CAPTURE_AUTORELEASING = YES;
				CLANG_WARN_BOOL_CONVERSION = YES;
				CLANG_WARN_COMMA = YES;
				CLANG_WARN_CONSTANT_CONVERSION = YES;
				CLANG_WARN_DEPRECATED_OBJC_IMPLEMENTATIONS = YES;
				CLANG_WARN_DIRECT_OBJC_ISA_USAGE = YES_ERROR;
				CLANG_WARN_DOCUMENTATION_COMMENTS = YES;
				CLANG_WARN_EMPTY_BODY = YES;
				CLANG_WARN_ENUM_CONVERSION = YES;
				CLANG_WARN_INFINITE_RECURSION = YES;
				CLANG_WARN_INT_CONVERSION = YES;
				CLANG_WARN_NON_LITERAL_NULL_CONVERSION = YES;
				CLANG_WARN_OBJC_IMPLICIT_RETAIN_SELF = YES;
				CLANG_WARN_OBJC_LITERAL_CONVERSION = YES;
				CLANG_WARN_OBJC_ROOT_CLASS = YES_ERROR;
				CLANG_WARN_QUOTED_INCLUDE_IN_FRAMEWORK_HEADER = YES;
				CLANG_WARN_RANGE_LOOP_ANALYSIS = YES;
				CLANG_WARN_STRICT_PROTOTYPES = YES;
				CLANG_WARN_SUSPICIOUS_MOVE = YES;
				CLANG_WARN_UNGUARDED_AVAILABILITY = YES_AGGRESSIVE;
				CLANG_WARN_UNREACHABLE_CODE = YES;
				CLANG_WARN__DUPLICATE_METHOD_MATCH = YES;
				COPY_PHASE_STRIP = NO;
				DEBUG_INFORMATION_FORMAT = dwarf;
				ENABLE_STRICT_OBJC_MSGSEND = YES;
				ENABLE_TESTABILITY = YES;
				GCC_C_LANGUAGE_STANDARD = gnu11;
				GCC_DYNAMIC_NO_PIC = NO;
				GCC_NO_COMMON_BLOCKS = YES;
				GCC_OPTIMIZATION_LEVEL = 0;
				GCC_PREPROCESSOR_DEFINITIONS = (
					"DEBUG=1",
					"$(inherited)",
				);
				GCC_WARN_64_TO_32_BIT_CONVERSION = YES;
				GCC_WARN_ABOUT_RETURN_TYPE = YES_ERROR;
				GCC_WARN_UNDECLARED_SELECTOR = YES;
				GCC_WARN_UNINITIALIZED_AUTOS = YES_AGGRESSIVE;
				GCC_WARN_UNUSED_FUNCTION = YES;
				GCC_WARN_UNUSED_VARIABLE = YES;
				IPHONEOS_DEPLOYMENT_TARGET = 15.0;
				MTL_ENABLE_DEBUG_INFO = INCLUDE_SOURCE;
				MTL_FAST_MATH = YES;
				ONLY_ACTIVE_ARCH = YES;
				SDKROOT = iphoneos;
				SWIFT_ACTIVE_COMPILATION_CONDITIONS = DEBUG;
				SWIFT_OPTIMIZATION_LEVEL = "-Onone";
			};
			name = Debug;
		};
		1EC0BFCB294BD73000C7541B /* Release */ = {
			isa = XCBuildConfiguration;
			buildSettings = {
				ALWAYS_SEARCH_USER_PATHS = NO;
				CLANG_ANALYZER_NONNULL = YES;
				CLANG_ANALYZER_NUMBER_OBJECT_CONVERSION = YES_AGGRESSIVE;
				CLANG_CXX_LANGUAGE_STANDARD = "gnu++20";
				CLANG_ENABLE_MODULES = YES;
				CLANG_ENABLE_OBJC_ARC = YES;
				CLANG_ENABLE_OBJC_WEAK = YES;
				CLANG_WARN_BLOCK_CAPTURE_AUTORELEASING = YES;
				CLANG_WARN_BOOL_CONVERSION = YES;
				CLANG_WARN_COMMA = YES;
				CLANG_WARN_CONSTANT_CONVERSION = YES;
				CLANG_WARN_DEPRECATED_OBJC_IMPLEMENTATIONS = YES;
				CLANG_WARN_DIRECT_OBJC_ISA_USAGE = YES_ERROR;
				CLANG_WARN_DOCUMENTATION_COMMENTS = YES;
				CLANG_WARN_EMPTY_BODY = YES;
				CLANG_WARN_ENUM_CONVERSION = YES;
				CLANG_WARN_INFINITE_RECURSION = YES;
				CLANG_WARN_INT_CONVERSION = YES;
				CLANG_WARN_NON_LITERAL_NULL_CONVERSION = YES;
				CLANG_WARN_OBJC_IMPLICIT_RETAIN_SELF = YES;
				CLANG_WARN_OBJC_LITERAL_CONVERSION = YES;
				CLANG_WARN_OBJC_ROOT_CLASS = YES_ERROR;
				CLANG_WARN_QUOTED_INCLUDE_IN_FRAMEWORK_HEADER = YES;
				CLANG_WARN_RANGE_LOOP_ANALYSIS = YES;
				CLANG_WARN_STRICT_PROTOTYPES = YES;
				CLANG_WARN_SUSPICIOUS_MOVE = YES;
				CLANG_WARN_UNGUARDED_AVAILABILITY = YES_AGGRESSIVE;
				CLANG_WARN_UNREACHABLE_CODE = YES;
				CLANG_WARN__DUPLICATE_METHOD_MATCH = YES;
				COPY_PHASE_STRIP = NO;
				DEBUG_INFORMATION_FORMAT = "dwarf-with-dsym";
				ENABLE_NS_ASSERTIONS = NO;
				ENABLE_STRICT_OBJC_MSGSEND = YES;
				GCC_C_LANGUAGE_STANDARD = gnu11;
				GCC_NO_COMMON_BLOCKS = YES;
				GCC_WARN_64_TO_32_BIT_CONVERSION = YES;
				GCC_WARN_ABOUT_RETURN_TYPE = YES_ERROR;
				GCC_WARN_UNDECLARED_SELECTOR = YES;
				GCC_WARN_UNINITIALIZED_AUTOS = YES_AGGRESSIVE;
				GCC_WARN_UNUSED_FUNCTION = YES;
				GCC_WARN_UNUSED_VARIABLE = YES;
				IPHONEOS_DEPLOYMENT_TARGET = 15.0;
				MTL_ENABLE_DEBUG_INFO = NO;
				MTL_FAST_MATH = YES;
				SDKROOT = iphoneos;
				SWIFT_COMPILATION_MODE = wholemodule;
				SWIFT_OPTIMIZATION_LEVEL = "-O";
				VALIDATE_PRODUCT = YES;
			};
			name = Release;
		};
		1EC0BFCD294BD73000C7541B /* Debug */ = {
			isa = XCBuildConfiguration;
			buildSettings = {
				ASSETCATALOG_COMPILER_APPICON_NAME = AppIcon;
				ASSETCATALOG_COMPILER_GLOBAL_ACCENT_COLOR_NAME = AccentColor;
				CODE_SIGN_STYLE = Automatic;
				CURRENT_PROJECT_VERSION = 1;
				DEVELOPMENT_ASSET_PATHS = "\"Synopic/Preview Content\"";
				DEVELOPMENT_TEAM = B9HGZT984S;
				ENABLE_PREVIEWS = YES;
				GENERATE_INFOPLIST_FILE = YES;
				INFOPLIST_KEY_NSCameraUsageDescription = "Please allow us to use your camera";
				INFOPLIST_KEY_NSPhotoLibraryUsageDescription = "Please allow us to use camera";
				INFOPLIST_KEY_UIApplicationSceneManifest_Generation = YES;
				INFOPLIST_KEY_UIApplicationSupportsIndirectInputEvents = YES;
				INFOPLIST_KEY_UILaunchScreen_Generation = YES;
				INFOPLIST_KEY_UISupportedInterfaceOrientations_iPad = "UIInterfaceOrientationPortrait UIInterfaceOrientationPortraitUpsideDown UIInterfaceOrientationLandscapeLeft UIInterfaceOrientationLandscapeRight";
				INFOPLIST_KEY_UISupportedInterfaceOrientations_iPhone = "UIInterfaceOrientationPortrait UIInterfaceOrientationLandscapeLeft UIInterfaceOrientationLandscapeRight";
				IPHONEOS_DEPLOYMENT_TARGET = 15.0;
				LD_RUNPATH_SEARCH_PATHS = (
					"$(inherited)",
					"@executable_path/Frameworks",
				);
				MARKETING_VERSION = 1.0;
				PRODUCT_BUNDLE_IDENTIFIER = bundysdevelopment.Synopic;
				PRODUCT_NAME = "$(TARGET_NAME)";
				SUPPORTED_PLATFORMS = "iphoneos iphonesimulator";
				SUPPORTS_MACCATALYST = NO;
				SUPPORTS_MAC_DESIGNED_FOR_IPHONE_IPAD = NO;
				SWIFT_EMIT_LOC_STRINGS = YES;
				SWIFT_VERSION = 5.0;
				TARGETED_DEVICE_FAMILY = "1,2";
			};
			name = Debug;
		};
		1EC0BFCE294BD73000C7541B /* Release */ = {
			isa = XCBuildConfiguration;
			buildSettings = {
				ASSETCATALOG_COMPILER_APPICON_NAME = AppIcon;
				ASSETCATALOG_COMPILER_GLOBAL_ACCENT_COLOR_NAME = AccentColor;
				CODE_SIGN_STYLE = Automatic;
				CURRENT_PROJECT_VERSION = 1;
				DEVELOPMENT_ASSET_PATHS = "\"Synopic/Preview Content\"";
				DEVELOPMENT_TEAM = B9HGZT984S;
				ENABLE_PREVIEWS = YES;
				GENERATE_INFOPLIST_FILE = YES;
				INFOPLIST_KEY_NSCameraUsageDescription = "Please allow us to use your camera";
				INFOPLIST_KEY_NSPhotoLibraryUsageDescription = "Please allow us to use camera";
				INFOPLIST_KEY_UIApplicationSceneManifest_Generation = YES;
				INFOPLIST_KEY_UIApplicationSupportsIndirectInputEvents = YES;
				INFOPLIST_KEY_UILaunchScreen_Generation = YES;
				INFOPLIST_KEY_UISupportedInterfaceOrientations_iPad = "UIInterfaceOrientationPortrait UIInterfaceOrientationPortraitUpsideDown UIInterfaceOrientationLandscapeLeft UIInterfaceOrientationLandscapeRight";
				INFOPLIST_KEY_UISupportedInterfaceOrientations_iPhone = "UIInterfaceOrientationPortrait UIInterfaceOrientationLandscapeLeft UIInterfaceOrientationLandscapeRight";
				IPHONEOS_DEPLOYMENT_TARGET = 15.0;
				LD_RUNPATH_SEARCH_PATHS = (
					"$(inherited)",
					"@executable_path/Frameworks",
				);
				MARKETING_VERSION = 1.0;
				PRODUCT_BUNDLE_IDENTIFIER = bundysdevelopment.Synopic;
				PRODUCT_NAME = "$(TARGET_NAME)";
				SUPPORTED_PLATFORMS = "iphoneos iphonesimulator";
				SUPPORTS_MACCATALYST = NO;
				SUPPORTS_MAC_DESIGNED_FOR_IPHONE_IPAD = NO;
				SWIFT_EMIT_LOC_STRINGS = YES;
				SWIFT_VERSION = 5.0;
				TARGETED_DEVICE_FAMILY = "1,2";
			};
			name = Release;
		};
		1EC0BFD0294BD73000C7541B /* Debug */ = {
			isa = XCBuildConfiguration;
			buildSettings = {
				ALWAYS_EMBED_SWIFT_STANDARD_LIBRARIES = YES;
				BUNDLE_LOADER = "$(TEST_HOST)";
				CODE_SIGN_STYLE = Automatic;
				CURRENT_PROJECT_VERSION = 1;
				DEVELOPMENT_TEAM = B9HGZT984S;
				GENERATE_INFOPLIST_FILE = YES;
				IPHONEOS_DEPLOYMENT_TARGET = 16.2;
				MARKETING_VERSION = 1.0;
				PRODUCT_BUNDLE_IDENTIFIER = bundysdevelopment.SynopicTests;
				PRODUCT_NAME = "$(TARGET_NAME)";
				SWIFT_EMIT_LOC_STRINGS = NO;
				SWIFT_VERSION = 5.0;
				TARGETED_DEVICE_FAMILY = "1,2";
				TEST_HOST = "$(BUILT_PRODUCTS_DIR)/Synopic.app/$(BUNDLE_EXECUTABLE_FOLDER_PATH)/Synopic";
			};
			name = Debug;
		};
		1EC0BFD1294BD73000C7541B /* Release */ = {
			isa = XCBuildConfiguration;
			buildSettings = {
				ALWAYS_EMBED_SWIFT_STANDARD_LIBRARIES = YES;
				BUNDLE_LOADER = "$(TEST_HOST)";
				CODE_SIGN_STYLE = Automatic;
				CURRENT_PROJECT_VERSION = 1;
				DEVELOPMENT_TEAM = B9HGZT984S;
				GENERATE_INFOPLIST_FILE = YES;
				IPHONEOS_DEPLOYMENT_TARGET = 16.2;
				MARKETING_VERSION = 1.0;
				PRODUCT_BUNDLE_IDENTIFIER = bundysdevelopment.SynopicTests;
				PRODUCT_NAME = "$(TARGET_NAME)";
				SWIFT_EMIT_LOC_STRINGS = NO;
				SWIFT_VERSION = 5.0;
				TARGETED_DEVICE_FAMILY = "1,2";
				TEST_HOST = "$(BUILT_PRODUCTS_DIR)/Synopic.app/$(BUNDLE_EXECUTABLE_FOLDER_PATH)/Synopic";
			};
			name = Release;
		};
		1EC0BFD3294BD73000C7541B /* Debug */ = {
			isa = XCBuildConfiguration;
			buildSettings = {
				ALWAYS_EMBED_SWIFT_STANDARD_LIBRARIES = YES;
				CODE_SIGN_STYLE = Automatic;
				CURRENT_PROJECT_VERSION = 1;
				DEVELOPMENT_TEAM = B9HGZT984S;
				GENERATE_INFOPLIST_FILE = YES;
				MARKETING_VERSION = 1.0;
				PRODUCT_BUNDLE_IDENTIFIER = bundysdevelopment.SynopicUITests;
				PRODUCT_NAME = "$(TARGET_NAME)";
				SWIFT_EMIT_LOC_STRINGS = NO;
				SWIFT_VERSION = 5.0;
				TARGETED_DEVICE_FAMILY = "1,2";
				TEST_TARGET_NAME = Synopic;
			};
			name = Debug;
		};
		1EC0BFD4294BD73000C7541B /* Release */ = {
			isa = XCBuildConfiguration;
			buildSettings = {
				ALWAYS_EMBED_SWIFT_STANDARD_LIBRARIES = YES;
				CODE_SIGN_STYLE = Automatic;
				CURRENT_PROJECT_VERSION = 1;
				DEVELOPMENT_TEAM = B9HGZT984S;
				GENERATE_INFOPLIST_FILE = YES;
				MARKETING_VERSION = 1.0;
				PRODUCT_BUNDLE_IDENTIFIER = bundysdevelopment.SynopicUITests;
				PRODUCT_NAME = "$(TARGET_NAME)";
				SWIFT_EMIT_LOC_STRINGS = NO;
				SWIFT_VERSION = 5.0;
				TARGETED_DEVICE_FAMILY = "1,2";
				TEST_TARGET_NAME = Synopic;
			};
			name = Release;
		};
/* End XCBuildConfiguration section */

/* Begin XCConfigurationList section */
		1EC0BFA3294BD72E00C7541B /* Build configuration list for PBXProject "Synopic" */ = {
			isa = XCConfigurationList;
			buildConfigurations = (
				1EC0BFCA294BD73000C7541B /* Debug */,
				1EC0BFCB294BD73000C7541B /* Release */,
			);
			defaultConfigurationIsVisible = 0;
			defaultConfigurationName = Release;
		};
		1EC0BFCC294BD73000C7541B /* Build configuration list for PBXNativeTarget "Synopic" */ = {
			isa = XCConfigurationList;
			buildConfigurations = (
				1EC0BFCD294BD73000C7541B /* Debug */,
				1EC0BFCE294BD73000C7541B /* Release */,
			);
			defaultConfigurationIsVisible = 0;
			defaultConfigurationName = Release;
		};
		1EC0BFCF294BD73000C7541B /* Build configuration list for PBXNativeTarget "SynopicTests" */ = {
			isa = XCConfigurationList;
			buildConfigurations = (
				1EC0BFD0294BD73000C7541B /* Debug */,
				1EC0BFD1294BD73000C7541B /* Release */,
			);
			defaultConfigurationIsVisible = 0;
			defaultConfigurationName = Release;
		};
		1EC0BFD2294BD73000C7541B /* Build configuration list for PBXNativeTarget "SynopicUITests" */ = {
			isa = XCConfigurationList;
			buildConfigurations = (
				1EC0BFD3294BD73000C7541B /* Debug */,
				1EC0BFD4294BD73000C7541B /* Release */,
			);
			defaultConfigurationIsVisible = 0;
			defaultConfigurationName = Release;
		};
/* End XCConfigurationList section */

/* Begin XCRemoteSwiftPackageReference section */
		1EC0BFE1294E800200C7541B /* XCRemoteSwiftPackageReference "Swinject" */ = {
			isa = XCRemoteSwiftPackageReference;
			repositoryURL = "https://github.com/Swinject/Swinject.git";
			requirement = {
				kind = exactVersion;
				version = 2.8.3;
			};
		};
		1EC0BFE4294E80AF00C7541B /* XCRemoteSwiftPackageReference "CombineExt" */ = {
			isa = XCRemoteSwiftPackageReference;
			repositoryURL = "https://github.com/CombineCommunity/CombineExt.git";
			requirement = {
				kind = exactVersion;
				version = 1.8.1;
			};
		};
/* End XCRemoteSwiftPackageReference section */

/* Begin XCSwiftPackageProductDependency section */
		1EC0BFE2294E800200C7541B /* Swinject */ = {
			isa = XCSwiftPackageProductDependency;
			package = 1EC0BFE1294E800200C7541B /* XCRemoteSwiftPackageReference "Swinject" */;
			productName = Swinject;
		};
		1EC0BFE5294E80AF00C7541B /* CombineExt */ = {
			isa = XCSwiftPackageProductDependency;
			package = 1EC0BFE4294E80AF00C7541B /* XCRemoteSwiftPackageReference "CombineExt" */;
			productName = CombineExt;
		};
/* End XCSwiftPackageProductDependency section */
	};
	rootObject = 1EC0BFA0294BD72E00C7541B /* Project object */;
}
