// !$*UTF8*$!
{
	archiveVersion = 1;
	classes = {
	};
	objectVersion = 56;
	objects = {

/* Begin PBXBuildFile section */
		1E2BC374295525F000A4821A /* CameraManager.swift in Sources */ = {isa = PBXBuildFile; fileRef = 1E2BC373295525F000A4821A /* CameraManager.swift */; };
		1E2BC377295550B900A4821A /* ImagePreviewView.swift in Sources */ = {isa = PBXBuildFile; fileRef = 1E2BC376295550B900A4821A /* ImagePreviewView.swift */; };
		1E2BC37C295567E600A4821A /* Publisher+Extensions.swift in Sources */ = {isa = PBXBuildFile; fileRef = 1E2BC37B295567E600A4821A /* Publisher+Extensions.swift */; };
		1E2BC37E2955681500A4821A /* Publisher+DefinedScheduler.swift in Sources */ = {isa = PBXBuildFile; fileRef = 1E2BC37D2955681500A4821A /* Publisher+DefinedScheduler.swift */; };
		1E2BC38029556AF700A4821A /* CancelBag.swift in Sources */ = {isa = PBXBuildFile; fileRef = 1E2BC37F29556AF700A4821A /* CancelBag.swift */; };
		1E2BC3842957B9B100A4821A /* Button+Extensions.swift in Sources */ = {isa = PBXBuildFile; fileRef = 1E2BC3832957B9B100A4821A /* Button+Extensions.swift */; };
		1EA187212952BC590017B38B /* ViewModel.swift in Sources */ = {isa = PBXBuildFile; fileRef = 1EA187202952BC590017B38B /* ViewModel.swift */; };
		1EA187232952BCCF0017B38B /* HapticFeedbackProvider.swift in Sources */ = {isa = PBXBuildFile; fileRef = 1EA187222952BCCF0017B38B /* HapticFeedbackProvider.swift */; };
		1EA187252952BFD00017B38B /* AppAssembler.swift in Sources */ = {isa = PBXBuildFile; fileRef = 1EA187242952BFD00017B38B /* AppAssembler.swift */; };
		1EA187272952BFDF0017B38B /* CoordinatorAssembly.swift in Sources */ = {isa = PBXBuildFile; fileRef = 1EA187262952BFDF0017B38B /* CoordinatorAssembly.swift */; };
		1EA187292952BFE80017B38B /* ServiceAssembly.swift in Sources */ = {isa = PBXBuildFile; fileRef = 1EA187282952BFE80017B38B /* ServiceAssembly.swift */; };
		1EA1872B2952BFF20017B38B /* ViewModelAssembly.swift in Sources */ = {isa = PBXBuildFile; fileRef = 1EA1872A2952BFF20017B38B /* ViewModelAssembly.swift */; };
		1EA1872E2952C0850017B38B /* AppRootCoordinatorViewModel.swift in Sources */ = {isa = PBXBuildFile; fileRef = 1EA1872D2952C0850017B38B /* AppRootCoordinatorViewModel.swift */; };
		1EA187302952C0990017B38B /* AppRootCoordinatorView.swift in Sources */ = {isa = PBXBuildFile; fileRef = 1EA1872F2952C0990017B38B /* AppRootCoordinatorView.swift */; };
		1EC0BFAC294BD72E00C7541B /* SynopicApp.swift in Sources */ = {isa = PBXBuildFile; fileRef = 1EC0BFAB294BD72E00C7541B /* SynopicApp.swift */; };
		1EC0BFB0294BD73000C7541B /* Assets.xcassets in Resources */ = {isa = PBXBuildFile; fileRef = 1EC0BFAF294BD73000C7541B /* Assets.xcassets */; };
		1EC0BFBD294BD73000C7541B /* SynopicTests.swift in Sources */ = {isa = PBXBuildFile; fileRef = 1EC0BFBC294BD73000C7541B /* SynopicTests.swift */; };
		1EC0BFC7294BD73000C7541B /* SynopicUITests.swift in Sources */ = {isa = PBXBuildFile; fileRef = 1EC0BFC6294BD73000C7541B /* SynopicUITests.swift */; };
		1EC0BFC9294BD73000C7541B /* SynopicUITestsLaunchTests.swift in Sources */ = {isa = PBXBuildFile; fileRef = 1EC0BFC8294BD73000C7541B /* SynopicUITestsLaunchTests.swift */; };
		1EC0BFE0294E74A100C7541B /* Preview Assets.xcassets in Resources */ = {isa = PBXBuildFile; fileRef = 1EC0BFDF294E74A100C7541B /* Preview Assets.xcassets */; };
		1EC0BFE3294E800200C7541B /* Swinject in Frameworks */ = {isa = PBXBuildFile; productRef = 1EC0BFE2294E800200C7541B /* Swinject */; };
		1EC0BFE6294E80AF00C7541B /* CombineExt in Frameworks */ = {isa = PBXBuildFile; productRef = 1EC0BFE5294E80AF00C7541B /* CombineExt */; };
		1EC0BFF9294FA9E400C7541B /* CameraView.swift in Sources */ = {isa = PBXBuildFile; fileRef = 1EC0BFF8294FA9E400C7541B /* CameraView.swift */; };
		1EC0C014294FB22400C7541B /* CameraViewModel.swift in Sources */ = {isa = PBXBuildFile; fileRef = 1EC0C013294FB22400C7541B /* CameraViewModel.swift */; };
		1EC5D6BE294FD5B000A29BF0 /* CameraService.swift in Sources */ = {isa = PBXBuildFile; fileRef = 1EC5D6BD294FD5B000A29BF0 /* CameraService.swift */; };
/* End PBXBuildFile section */

/* Begin PBXContainerItemProxy section */
		1EC0BFB9294BD73000C7541B /* PBXContainerItemProxy */ = {
			isa = PBXContainerItemProxy;
			containerPortal = 1EC0BFA0294BD72E00C7541B /* Project object */;
			proxyType = 1;
			remoteGlobalIDString = 1EC0BFA7294BD72E00C7541B;
			remoteInfo = Synopic;
		};
		1EC0BFC3294BD73000C7541B /* PBXContainerItemProxy */ = {
			isa = PBXContainerItemProxy;
			containerPortal = 1EC0BFA0294BD72E00C7541B /* Project object */;
			proxyType = 1;
			remoteGlobalIDString = 1EC0BFA7294BD72E00C7541B;
			remoteInfo = Synopic;
		};
/* End PBXContainerItemProxy section */

/* Begin PBXFileReference section */
		1E2BC373295525F000A4821A /* CameraManager.swift */ = {isa = PBXFileReference; lastKnownFileType = sourcecode.swift; path = CameraManager.swift; sourceTree = "<group>"; };
		1E2BC376295550B900A4821A /* ImagePreviewView.swift */ = {isa = PBXFileReference; lastKnownFileType = sourcecode.swift; path = ImagePreviewView.swift; sourceTree = "<group>"; };
		1E2BC37B295567E600A4821A /* Publisher+Extensions.swift */ = {isa = PBXFileReference; lastKnownFileType = sourcecode.swift; path = "Publisher+Extensions.swift"; sourceTree = "<group>"; };
		1E2BC37D2955681500A4821A /* Publisher+DefinedScheduler.swift */ = {isa = PBXFileReference; lastKnownFileType = sourcecode.swift; path = "Publisher+DefinedScheduler.swift"; sourceTree = "<group>"; };
		1E2BC37F29556AF700A4821A /* CancelBag.swift */ = {isa = PBXFileReference; lastKnownFileType = sourcecode.swift; path = CancelBag.swift; sourceTree = "<group>"; };
		1E2BC3832957B9B100A4821A /* Button+Extensions.swift */ = {isa = PBXFileReference; lastKnownFileType = sourcecode.swift; path = "Button+Extensions.swift"; sourceTree = "<group>"; };
		1EA187202952BC590017B38B /* ViewModel.swift */ = {isa = PBXFileReference; lastKnownFileType = sourcecode.swift; path = ViewModel.swift; sourceTree = "<group>"; };
		1EA187222952BCCF0017B38B /* HapticFeedbackProvider.swift */ = {isa = PBXFileReference; lastKnownFileType = sourcecode.swift; path = HapticFeedbackProvider.swift; sourceTree = "<group>"; };
		1EA187242952BFD00017B38B /* AppAssembler.swift */ = {isa = PBXFileReference; lastKnownFileType = sourcecode.swift; path = AppAssembler.swift; sourceTree = "<group>"; };
		1EA187262952BFDF0017B38B /* CoordinatorAssembly.swift */ = {isa = PBXFileReference; lastKnownFileType = sourcecode.swift; path = CoordinatorAssembly.swift; sourceTree = "<group>"; };
		1EA187282952BFE80017B38B /* ServiceAssembly.swift */ = {isa = PBXFileReference; lastKnownFileType = sourcecode.swift; path = ServiceAssembly.swift; sourceTree = "<group>"; };
		1EA1872A2952BFF20017B38B /* ViewModelAssembly.swift */ = {isa = PBXFileReference; lastKnownFileType = sourcecode.swift; path = ViewModelAssembly.swift; sourceTree = "<group>"; };
		1EA1872D2952C0850017B38B /* AppRootCoordinatorViewModel.swift */ = {isa = PBXFileReference; lastKnownFileType = sourcecode.swift; path = AppRootCoordinatorViewModel.swift; sourceTree = "<group>"; };
		1EA1872F2952C0990017B38B /* AppRootCoordinatorView.swift */ = {isa = PBXFileReference; lastKnownFileType = sourcecode.swift; path = AppRootCoordinatorView.swift; sourceTree = "<group>"; };
		1EC0BFA8294BD72E00C7541B /* Synopic.app */ = {isa = PBXFileReference; explicitFileType = wrapper.application; includeInIndex = 0; path = Synopic.app; sourceTree = BUILT_PRODUCTS_DIR; };
		1EC0BFAB294BD72E00C7541B /* SynopicApp.swift */ = {isa = PBXFileReference; lastKnownFileType = sourcecode.swift; path = SynopicApp.swift; sourceTree = "<group>"; };
		1EC0BFAF294BD73000C7541B /* Assets.xcassets */ = {isa = PBXFileReference; lastKnownFileType = folder.assetcatalog; path = Assets.xcassets; sourceTree = "<group>"; };
		1EC0BFB8294BD73000C7541B /* SynopicTests.xctest */ = {isa = PBXFileReference; explicitFileType = wrapper.cfbundle; includeInIndex = 0; path = SynopicTests.xctest; sourceTree = BUILT_PRODUCTS_DIR; };
		1EC0BFBC294BD73000C7541B /* SynopicTests.swift */ = {isa = PBXFileReference; lastKnownFileType = sourcecode.swift; path = SynopicTests.swift; sourceTree = "<group>"; };
		1EC0BFC2294BD73000C7541B /* SynopicUITests.xctest */ = {isa = PBXFileReference; explicitFileType = wrapper.cfbundle; includeInIndex = 0; path = SynopicUITests.xctest; sourceTree = BUILT_PRODUCTS_DIR; };
		1EC0BFC6294BD73000C7541B /* SynopicUITests.swift */ = {isa = PBXFileReference; lastKnownFileType = sourcecode.swift; path = SynopicUITests.swift; sourceTree = "<group>"; };
		1EC0BFC8294BD73000C7541B /* SynopicUITestsLaunchTests.swift */ = {isa = PBXFileReference; lastKnownFileType = sourcecode.swift; path = SynopicUITestsLaunchTests.swift; sourceTree = "<group>"; };
		1EC0BFDF294E74A100C7541B /* Preview Assets.xcassets */ = {isa = PBXFileReference; lastKnownFileType = folder.assetcatalog; name = "Preview Assets.xcassets"; path = "Preview Content/Preview Assets.xcassets"; sourceTree = "<group>"; };
		1EC0BFF8294FA9E400C7541B /* CameraView.swift */ = {isa = PBXFileReference; lastKnownFileType = sourcecode.swift; path = CameraView.swift; sourceTree = "<group>"; };
		1EC0C013294FB22400C7541B /* CameraViewModel.swift */ = {isa = PBXFileReference; lastKnownFileType = sourcecode.swift; path = CameraViewModel.swift; sourceTree = "<group>"; };
		1EC5D6BD294FD5B000A29BF0 /* CameraService.swift */ = {isa = PBXFileReference; lastKnownFileType = sourcecode.swift; path = CameraService.swift; sourceTree = "<group>"; };
/* End PBXFileReference section */

/* Begin PBXFrameworksBuildPhase section */
		1EC0BFA5294BD72E00C7541B /* Frameworks */ = {
			isa = PBXFrameworksBuildPhase;
			buildActionMask = 2147483647;
			files = (
				1EC0BFE6294E80AF00C7541B /* CombineExt in Frameworks */,
				1EC0BFE3294E800200C7541B /* Swinject in Frameworks */,
			);
			runOnlyForDeploymentPostprocessing = 0;
		};
		1EC0BFB5294BD73000C7541B /* Frameworks */ = {
			isa = PBXFrameworksBuildPhase;
			buildActionMask = 2147483647;
			files = (
			);
			runOnlyForDeploymentPostprocessing = 0;
		};
		1EC0BFBF294BD73000C7541B /* Frameworks */ = {
			isa = PBXFrameworksBuildPhase;
			buildActionMask = 2147483647;
			files = (
			);
			runOnlyForDeploymentPostprocessing = 0;
		};
/* End PBXFrameworksBuildPhase section */

/* Begin PBXGroup section */
		1E12FBF0297CD5B50077F046 /* OCRService */ = {
			isa = PBXGroup;
			children = (
			);
			path = OCRService;
			sourceTree = "<group>";
		};
		1E2BC3752955508E00A4821A /* ImagePreview */ = {
			isa = PBXGroup;
			children = (
				1E2BC376295550B900A4821A /* ImagePreviewView.swift */,
			);
			path = ImagePreview;
			sourceTree = "<group>";
		};
		1E2BC37A295567CA00A4821A /* Combine */ = {
			isa = PBXGroup;
			children = (
				1E2BC37B295567E600A4821A /* Publisher+Extensions.swift */,
				1E2BC37D2955681500A4821A /* Publisher+DefinedScheduler.swift */,
				1E2BC37F29556AF700A4821A /* CancelBag.swift */,
			);
			path = Combine;
			sourceTree = "<group>";
		};
		1EA1872C2952C0710017B38B /* AppRootCoordinator */ = {
			isa = PBXGroup;
			children = (
				1EA1872F2952C0990017B38B /* AppRootCoordinatorView.swift */,
				1EA1872D2952C0850017B38B /* AppRootCoordinatorViewModel.swift */,
			);
			path = AppRootCoordinator;
			sourceTree = "<group>";
		};
		1EA187312952C60A0017B38B /* SwiftUI */ = {
			isa = PBXGroup;
			children = (
				1E2BC3832957B9B100A4821A /* Button+Extensions.swift */,
			);
			path = SwiftUI;
			sourceTree = "<group>";
		};
		1EC0BF9F294BD72E00C7541B = {
			isa = PBXGroup;
			children = (
				1EC0BFAA294BD72E00C7541B /* Synopic */,
				1EC0BFBB294BD73000C7541B /* SynopicTests */,
				1EC0BFC5294BD73000C7541B /* SynopicUITests */,
				1EC0BFA9294BD72E00C7541B /* Products */,
			);
			sourceTree = "<group>";
		};
		1EC0BFA9294BD72E00C7541B /* Products */ = {
			isa = PBXGroup;
			children = (
				1EC0BFA8294BD72E00C7541B /* Synopic.app */,
				1EC0BFB8294BD73000C7541B /* SynopicTests.xctest */,
				1EC0BFC2294BD73000C7541B /* SynopicUITests.xctest */,
			);
			name = Products;
			sourceTree = "<group>";
		};
		1EC0BFAA294BD72E00C7541B /* Synopic */ = {
			isa = PBXGroup;
			children = (
				1EC0BFAB294BD72E00C7541B /* SynopicApp.swift */,
				1EC0BFAF294BD73000C7541B /* Assets.xcassets */,
				1EC0BFF2294E841D00C7541B /* Architecture */,
				1EC0BFF5294F97C900C7541B /* Core */,
				1EC0BFDE294E747800C7541B /* Preview Content */,
				1EC0BFF4294E846900C7541B /* Services */,
				1EC0BFF6294F97D300C7541B /* UI */,
			);
			path = Synopic;
			sourceTree = "<group>";
		};
		1EC0BFBB294BD73000C7541B /* SynopicTests */ = {
			isa = PBXGroup;
			children = (
				1EC0BFBC294BD73000C7541B /* SynopicTests.swift */,
			);
			path = SynopicTests;
			sourceTree = "<group>";
		};
		1EC0BFC5294BD73000C7541B /* SynopicUITests */ = {
			isa = PBXGroup;
			children = (
				1EC0BFC6294BD73000C7541B /* SynopicUITests.swift */,
				1EC0BFC8294BD73000C7541B /* SynopicUITestsLaunchTests.swift */,
			);
			path = SynopicUITests;
			sourceTree = "<group>";
		};
		1EC0BFDE294E747800C7541B /* Preview Content */ = {
			isa = PBXGroup;
			children = (
				1EC0BFDF294E74A100C7541B /* Preview Assets.xcassets */,
			);
			name = "Preview Content";
			sourceTree = "<group>";
		};
		1EC0BFF2294E841D00C7541B /* Architecture */ = {
			isa = PBXGroup;
			children = (
				1EA187202952BC590017B38B /* ViewModel.swift */,
				1EA187242952BFD00017B38B /* AppAssembler.swift */,
				1EA187262952BFDF0017B38B /* CoordinatorAssembly.swift */,
				1EA187282952BFE80017B38B /* ServiceAssembly.swift */,
				1EA1872A2952BFF20017B38B /* ViewModelAssembly.swift */,
			);
			path = Architecture;
			sourceTree = "<group>";
		};
		1EC0BFF4294E846900C7541B /* Services */ = {
			isa = PBXGroup;
			children = (
				1EC5D6BB294FD57700A29BF0 /* API */,
				1EC5D6BA294FD56B00A29BF0 /* Local */,
			);
			path = Services;
			sourceTree = "<group>";
		};
		1EC0BFF5294F97C900C7541B /* Core */ = {
			isa = PBXGroup;
			children = (
				1E2BC37A295567CA00A4821A /* Combine */,
				1EA187312952C60A0017B38B /* SwiftUI */,
				1EA187222952BCCF0017B38B /* HapticFeedbackProvider.swift */,
			);
			path = Core;
			sourceTree = "<group>";
		};
		1EC0BFF6294F97D300C7541B /* UI */ = {
			isa = PBXGroup;
			children = (
				1EA1872C2952C0710017B38B /* AppRootCoordinator */,
				1EC0BFF7294FA99C00C7541B /* Camera */,
				1E2BC3752955508E00A4821A /* ImagePreview */,
			);
			path = UI;
			sourceTree = "<group>";
		};
		1EC0BFF7294FA99C00C7541B /* Camera */ = {
			isa = PBXGroup;
			children = (
				1EC0BFF8294FA9E400C7541B /* CameraView.swift */,
				1EC0C013294FB22400C7541B /* CameraViewModel.swift */,
			);
			path = Camera;
			sourceTree = "<group>";
		};
		1EC5D6BA294FD56B00A29BF0 /* Local */ = {
			isa = PBXGroup;
			children = (
				1E12FBF0297CD5B50077F046 /* OCRService */,
				1EC5D6BC294FD59C00A29BF0 /* CameraService */,
			);
			path = Local;
			sourceTree = "<group>";
		};
		1EC5D6BB294FD57700A29BF0 /* API */ = {
			isa = PBXGroup;
			children = (
			);
			path = API;
			sourceTree = "<group>";
		};
		1EC5D6BC294FD59C00A29BF0 /* CameraService */ = {
			isa = PBXGroup;
			children = (
				1E2BC373295525F000A4821A /* CameraManager.swift */,
				1EC5D6BD294FD5B000A29BF0 /* CameraService.swift */,
			);
			path = CameraService;
			sourceTree = "<group>";
		};
/* End PBXGroup section */

/* Begin PBXNativeTarget section */
		1EC0BFA7294BD72E00C7541B /* Synopic */ = {
			isa = PBXNativeTarget;
			buildConfigurationList = 1EC0BFCC294BD73000C7541B /* Build configuration list for PBXNativeTarget "Synopic" */;
			buildPhases = (
				1EC0BFA4294BD72E00C7541B /* Sources */,
				1EC0BFA5294BD72E00C7541B /* Frameworks */,
				1EC0BFA6294BD72E00C7541B /* Resources */,
			);
			buildRules = (
			);
			dependencies = (
			);
			name = Synopic;
			packageProductDependencies = (
				1EC0BFE2294E800200C7541B /* Swinject */,
				1EC0BFE5294E80AF00C7541B /* CombineExt */,
			);
			productName = Synopic;
			productReference = 1EC0BFA8294BD72E00C7541B /* Synopic.app */;
			productType = "com.apple.product-type.application";
		};
		1EC0BFB7294BD73000C7541B /* SynopicTests */ = {
			isa = PBXNativeTarget;
			buildConfigurationList = 1EC0BFCF294BD73000C7541B /* Build configuration list for PBXNativeTarget "SynopicTests" */;
			buildPhases = (
				1EC0BFB4294BD73000C7541B /* Sources */,
				1EC0BFB5294BD73000C7541B /* Frameworks */,
				1EC0BFB6294BD73000C7541B /* Resources */,
			);
			buildRules = (
			);
			dependencies = (
				1EC0BFBA294BD73000C7541B /* PBXTargetDependency */,
			);
			name = SynopicTests;
			productName = SynopicTests;
			productReference = 1EC0BFB8294BD73000C7541B /* SynopicTests.xctest */;
			productType = "com.apple.product-type.bundle.unit-test";
		};
		1EC0BFC1294BD73000C7541B /* SynopicUITests */ = {
			isa = PBXNativeTarget;
			buildConfigurationList = 1EC0BFD2294BD73000C7541B /* Build configuration list for PBXNativeTarget "SynopicUITests" */;
			buildPhases = (
				1EC0BFBE294BD73000C7541B /* Sources */,
				1EC0BFBF294BD73000C7541B /* Frameworks */,
				1EC0BFC0294BD73000C7541B /* Resources */,
			);
			buildRules = (
			);
			dependencies = (
				1EC0BFC4294BD73000C7541B /* PBXTargetDependency */,
			);
			name = SynopicUITests;
			productName = SynopicUITests;
			productReference = 1EC0BFC2294BD73000C7541B /* SynopicUITests.xctest */;
			productType = "com.apple.product-type.bundle.ui-testing";
		};
/* End PBXNativeTarget section */

/* Begin PBXProject section */
		1EC0BFA0294BD72E00C7541B /* Project object */ = {
			isa = PBXProject;
			attributes = {
				BuildIndependentTargetsInParallel = 1;
				LastSwiftUpdateCheck = 1420;
				LastUpgradeCheck = 1420;
				TargetAttributes = {
					1EC0BFA7294BD72E00C7541B = {
						CreatedOnToolsVersion = 14.2;
					};
					1EC0BFB7294BD73000C7541B = {
						CreatedOnToolsVersion = 14.2;
						TestTargetID = 1EC0BFA7294BD72E00C7541B;
					};
					1EC0BFC1294BD73000C7541B = {
						CreatedOnToolsVersion = 14.2;
						TestTargetID = 1EC0BFA7294BD72E00C7541B;
					};
				};
			};
			buildConfigurationList = 1EC0BFA3294BD72E00C7541B /* Build configuration list for PBXProject "Synopic" */;
			compatibilityVersion = "Xcode 14.0";
			developmentRegion = en;
			hasScannedForEncodings = 0;
			knownRegions = (
				en,
				Base,
			);
			mainGroup = 1EC0BF9F294BD72E00C7541B;
			packageReferences = (
				1EC0BFE1294E800200C7541B /* XCRemoteSwiftPackageReference "Swinject" */,
				1EC0BFE4294E80AF00C7541B /* XCRemoteSwiftPackageReference "CombineExt" */,
			);
			productRefGroup = 1EC0BFA9294BD72E00C7541B /* Products */;
			projectDirPath = "";
			projectRoot = "";
			targets = (
				1EC0BFA7294BD72E00C7541B /* Synopic */,
				1EC0BFB7294BD73000C7541B /* SynopicTests */,
				1EC0BFC1294BD73000C7541B /* SynopicUITests */,
			);
		};
/* End PBXProject section */

/* Begin PBXResourcesBuildPhase section */
		1EC0BFA6294BD72E00C7541B /* Resources */ = {
			isa = PBXResourcesBuildPhase;
			buildActionMask = 2147483647;
			files = (
				1EC0BFE0294E74A100C7541B /* Preview Assets.xcassets in Resources */,
				1EC0BFB0294BD73000C7541B /* Assets.xcassets in Resources */,
			);
			runOnlyForDeploymentPostprocessing = 0;
		};
		1EC0BFB6294BD73000C7541B /* Resources */ = {
			isa = PBXResourcesBuildPhase;
			buildActionMask = 2147483647;
			files = (
			);
			runOnlyForDeploymentPostprocessing = 0;
		};
		1EC0BFC0294BD73000C7541B /* Resources */ = {
			isa = PBXResourcesBuildPhase;
			buildActionMask = 2147483647;
			files = (
			);
			runOnlyForDeploymentPostprocessing = 0;
		};
/* End PBXResourcesBuildPhase section */

/* Begin PBXSourcesBuildPhase section */
		1EC0BFA4294BD72E00C7541B /* Sources */ = {
			isa = PBXSourcesBuildPhase;
			buildActionMask = 2147483647;
			files = (
				1EA187232952BCCF0017B38B /* HapticFeedbackProvider.swift in Sources */,
				1E2BC3842957B9B100A4821A /* Button+Extensions.swift in Sources */,
				1EA187302952C0990017B38B /* AppRootCoordinatorView.swift in Sources */,
				1EA1872B2952BFF20017B38B /* ViewModelAssembly.swift in Sources */,
				1EC0BFF9294FA9E400C7541B /* CameraView.swift in Sources */,
				1EC5D6BE294FD5B000A29BF0 /* CameraService.swift in Sources */,
				1EA187272952BFDF0017B38B /* CoordinatorAssembly.swift in Sources */,
				1E2BC374295525F000A4821A /* CameraManager.swift in Sources */,
				1E2BC37E2955681500A4821A /* Publisher+DefinedScheduler.swift in Sources */,
				1E2BC377295550B900A4821A /* ImagePreviewView.swift in Sources */,
				1EA187292952BFE80017B38B /* ServiceAssembly.swift in Sources */,
				1EA187212952BC590017B38B /* ViewModel.swift in Sources */,
				1EC0BFAC294BD72E00C7541B /* SynopicApp.swift in Sources */,
				1EA187252952BFD00017B38B /* AppAssembler.swift in Sources */,
				1E2BC38029556AF700A4821A /* CancelBag.swift in Sources */,
				1EA1872E2952C0850017B38B /* AppRootCoordinatorViewModel.swift in Sources */,
				1E2BC37C295567E600A4821A /* Publisher+Extensions.swift in Sources */,
				1EC0C014294FB22400C7541B /* CameraViewModel.swift in Sources */,
			);
			runOnlyForDeploymentPostprocessing = 0;
		};
		1EC0BFB4294BD73000C7541B /* Sources */ = {
			isa = PBXSourcesBuildPhase;
			buildActionMask = 2147483647;
			files = (
				1EC0BFBD294BD73000C7541B /* SynopicTests.swift in Sources */,
			);
			runOnlyForDeploymentPostprocessing = 0;
		};
		1EC0BFBE294BD73000C7541B /* Sources */ = {
			isa = PBXSourcesBuildPhase;
			buildActionMask = 2147483647;
			files = (
				1EC0BFC9294BD73000C7541B /* SynopicUITestsLaunchTests.swift in Sources */,
				1EC0BFC7294BD73000C7541B /* SynopicUITests.swift in Sources */,
			);
			runOnlyForDeploymentPostprocessing = 0;
		};
/* End PBXSourcesBuildPhase section */

/* Begin PBXTargetDependency section */
		1EC0BFBA294BD73000C7541B /* PBXTargetDependency */ = {
			isa = PBXTargetDependency;
			target = 1EC0BFA7294BD72E00C7541B /* Synopic */;
			targetProxy = 1EC0BFB9294BD73000C7541B /* PBXContainerItemProxy */;
		};
		1EC0BFC4294BD73000C7541B /* PBXTargetDependency */ = {
			isa = PBXTargetDependency;
			target = 1EC0BFA7294BD72E00C7541B /* Synopic */;
			targetProxy = 1EC0BFC3294BD73000C7541B /* PBXContainerItemProxy */;
		};
/* End PBXTargetDependency section */

/* Begin XCBuildConfiguration section */
		1EC0BFCA294BD73000C7541B /* Debug */ = {
			isa = XCBuildConfiguration;
			buildSettings = {
				ALWAYS_SEARCH_USER_PATHS = NO;
				CLANG_ANALYZER_NONNULL = YES;
				CLANG_ANALYZER_NUMBER_OBJECT_CONVERSION = YES_AGGRESSIVE;
				CLANG_CXX_LANGUAGE_STANDARD = "gnu++20";
				CLANG_ENABLE_MODULES = YES;
				CLANG_ENABLE_OBJC_ARC = YES;
				CLANG_ENABLE_OBJC_WEAK = YES;
				CLANG_WARN_BLOCK_CAPTURE_AUTORELEASING = YES;
				CLANG_WARN_BOOL_CONVERSION = YES;
				CLANG_WARN_COMMA = YES;
				CLANG_WARN_CONSTANT_CONVERSION = YES;
				CLANG_WARN_DEPRECATED_OBJC_IMPLEMENTATIONS = YES;
				CLANG_WARN_DIRECT_OBJC_ISA_USAGE = YES_ERROR;
				CLANG_WARN_DOCUMENTATION_COMMENTS = YES;
				CLANG_WARN_EMPTY_BODY = YES;
				CLANG_WARN_ENUM_CONVERSION = YES;
				CLANG_WARN_INFINITE_RECURSION = YES;
				CLANG_WARN_INT_CONVERSION = YES;
				CLANG_WARN_NON_LITERAL_NULL_CONVERSION = YES;
				CLANG_WARN_OBJC_IMPLICIT_RETAIN_SELF = YES;
				CLANG_WARN_OBJC_LITERAL_CONVERSION = YES;
				CLANG_WARN_OBJC_ROOT_CLASS = YES_ERROR;
				CLANG_WARN_QUOTED_INCLUDE_IN_FRAMEWORK_HEADER = YES;
				CLANG_WARN_RANGE_LOOP_ANALYSIS = YES;
				CLANG_WARN_STRICT_PROTOTYPES = YES;
				CLANG_WARN_SUSPICIOUS_MOVE = YES;
				CLANG_WARN_UNGUARDED_AVAILABILITY = YES_AGGRESSIVE;
				CLANG_WARN_UNREACHABLE_CODE = YES;
				CLANG_WARN__DUPLICATE_METHOD_MATCH = YES;
				COPY_PHASE_STRIP = NO;
				DEBUG_INFORMATION_FORMAT = dwarf;
				ENABLE_STRICT_OBJC_MSGSEND = YES;
				ENABLE_TESTABILITY = YES;
				GCC_C_LANGUAGE_STANDARD = gnu11;
				GCC_DYNAMIC_NO_PIC = NO;
				GCC_NO_COMMON_BLOCKS = YES;
				GCC_OPTIMIZATION_LEVEL = 0;
				GCC_PREPROCESSOR_DEFINITIONS = (
					"DEBUG=1",
					"$(inherited)",
				);
				GCC_WARN_64_TO_32_BIT_CONVERSION = YES;
				GCC_WARN_ABOUT_RETURN_TYPE = YES_ERROR;
				GCC_WARN_UNDECLARED_SELECTOR = YES;
				GCC_WARN_UNINITIALIZED_AUTOS = YES_AGGRESSIVE;
				GCC_WARN_UNUSED_FUNCTION = YES;
				GCC_WARN_UNUSED_VARIABLE = YES;
				IPHONEOS_DEPLOYMENT_TARGET = 15.0;
				MTL_ENABLE_DEBUG_INFO = INCLUDE_SOURCE;
				MTL_FAST_MATH = YES;
				ONLY_ACTIVE_ARCH = YES;
				SDKROOT = iphoneos;
				SWIFT_ACTIVE_COMPILATION_CONDITIONS = DEBUG;
				SWIFT_OPTIMIZATION_LEVEL = "-Onone";
			};
			name = Debug;
		};
		1EC0BFCB294BD73000C7541B /* Release */ = {
			isa = XCBuildConfiguration;
			buildSettings = {
				ALWAYS_SEARCH_USER_PATHS = NO;
				CLANG_ANALYZER_NONNULL = YES;
				CLANG_ANALYZER_NUMBER_OBJECT_CONVERSION = YES_AGGRESSIVE;
				CLANG_CXX_LANGUAGE_STANDARD = "gnu++20";
				CLANG_ENABLE_MODULES = YES;
				CLANG_ENABLE_OBJC_ARC = YES;
				CLANG_ENABLE_OBJC_WEAK = YES;
				CLANG_WARN_BLOCK_CAPTURE_AUTORELEASING = YES;
				CLANG_WARN_BOOL_CONVERSION = YES;
				CLANG_WARN_COMMA = YES;
				CLANG_WARN_CONSTANT_CONVERSION = YES;
				CLANG_WARN_DEPRECATED_OBJC_IMPLEMENTATIONS = YES;
				CLANG_WARN_DIRECT_OBJC_ISA_USAGE = YES_ERROR;
				CLANG_WARN_DOCUMENTATION_COMMENTS = YES;
				CLANG_WARN_EMPTY_BODY = YES;
				CLANG_WARN_ENUM_CONVERSION = YES;
				CLANG_WARN_INFINITE_RECURSION = YES;
				CLANG_WARN_INT_CONVERSION = YES;
				CLANG_WARN_NON_LITERAL_NULL_CONVERSION = YES;
				CLANG_WARN_OBJC_IMPLICIT_RETAIN_SELF = YES;
				CLANG_WARN_OBJC_LITERAL_CONVERSION = YES;
				CLANG_WARN_OBJC_ROOT_CLASS = YES_ERROR;
				CLANG_WARN_QUOTED_INCLUDE_IN_FRAMEWORK_HEADER = YES;
				CLANG_WARN_RANGE_LOOP_ANALYSIS = YES;
				CLANG_WARN_STRICT_PROTOTYPES = YES;
				CLANG_WARN_SUSPICIOUS_MOVE = YES;
				CLANG_WARN_UNGUARDED_AVAILABILITY = YES_AGGRESSIVE;
				CLANG_WARN_UNREACHABLE_CODE = YES;
				CLANG_WARN__DUPLICATE_METHOD_MATCH = YES;
				COPY_PHASE_STRIP = NO;
				DEBUG_INFORMATION_FORMAT = "dwarf-with-dsym";
				ENABLE_NS_ASSERTIONS = NO;
				ENABLE_STRICT_OBJC_MSGSEND = YES;
				GCC_C_LANGUAGE_STANDARD = gnu11;
				GCC_NO_COMMON_BLOCKS = YES;
				GCC_WARN_64_TO_32_BIT_CONVERSION = YES;
				GCC_WARN_ABOUT_RETURN_TYPE = YES_ERROR;
				GCC_WARN_UNDECLARED_SELECTOR = YES;
				GCC_WARN_UNINITIALIZED_AUTOS = YES_AGGRESSIVE;
				GCC_WARN_UNUSED_FUNCTION = YES;
				GCC_WARN_UNUSED_VARIABLE = YES;
				IPHONEOS_DEPLOYMENT_TARGET = 15.0;
				MTL_ENABLE_DEBUG_INFO = NO;
				MTL_FAST_MATH = YES;
				SDKROOT = iphoneos;
				SWIFT_COMPILATION_MODE = wholemodule;
				SWIFT_OPTIMIZATION_LEVEL = "-O";
				VALIDATE_PRODUCT = YES;
			};
			name = Release;
		};
		1EC0BFCD294BD73000C7541B /* Debug */ = {
			isa = XCBuildConfiguration;
			buildSettings = {
				ASSETCATALOG_COMPILER_APPICON_NAME = AppIcon;
				ASSETCATALOG_COMPILER_GLOBAL_ACCENT_COLOR_NAME = AccentColor;
				CODE_SIGN_STYLE = Automatic;
				CURRENT_PROJECT_VERSION = 1;
				DEVELOPMENT_ASSET_PATHS = "\"Synopic/Preview Content\"";
				DEVELOPMENT_TEAM = B9HGZT984S;
				ENABLE_PREVIEWS = YES;
				GENERATE_INFOPLIST_FILE = YES;
				INFOPLIST_KEY_NSCameraUsageDescription = "Please allow us to use your camera";
				INFOPLIST_KEY_NSPhotoLibraryUsageDescription = "Please allow us to use camera";
				INFOPLIST_KEY_UIApplicationSceneManifest_Generation = YES;
				INFOPLIST_KEY_UIApplicationSupportsIndirectInputEvents = YES;
				INFOPLIST_KEY_UILaunchScreen_Generation = YES;
				INFOPLIST_KEY_UISupportedInterfaceOrientations_iPad = "UIInterfaceOrientationPortrait UIInterfaceOrientationPortraitUpsideDown UIInterfaceOrientationLandscapeLeft UIInterfaceOrientationLandscapeRight";
				INFOPLIST_KEY_UISupportedInterfaceOrientations_iPhone = "UIInterfaceOrientationPortrait UIInterfaceOrientationLandscapeLeft UIInterfaceOrientationLandscapeRight";
				IPHONEOS_DEPLOYMENT_TARGET = 15.0;
				LD_RUNPATH_SEARCH_PATHS = (
					"$(inherited)",
					"@executable_path/Frameworks",
				);
				MARKETING_VERSION = 1.0;
				PRODUCT_BUNDLE_IDENTIFIER = bundysdevelopment.Synopic;
				PRODUCT_NAME = "$(TARGET_NAME)";
				SUPPORTED_PLATFORMS = "iphoneos iphonesimulator";
				SUPPORTS_MACCATALYST = NO;
				SUPPORTS_MAC_DESIGNED_FOR_IPHONE_IPAD = NO;
				SWIFT_EMIT_LOC_STRINGS = YES;
				SWIFT_VERSION = 5.0;
				TARGETED_DEVICE_FAMILY = "1,2";
			};
			name = Debug;
		};
		1EC0BFCE294BD73000C7541B /* Release */ = {
			isa = XCBuildConfiguration;
			buildSettings = {
				ASSETCATALOG_COMPILER_APPICON_NAME = AppIcon;
				ASSETCATALOG_COMPILER_GLOBAL_ACCENT_COLOR_NAME = AccentColor;
				CODE_SIGN_STYLE = Automatic;
				CURRENT_PROJECT_VERSION = 1;
				DEVELOPMENT_ASSET_PATHS = "\"Synopic/Preview Content\"";
				DEVELOPMENT_TEAM = B9HGZT984S;
				ENABLE_PREVIEWS = YES;
				GENERATE_INFOPLIST_FILE = YES;
				INFOPLIST_KEY_NSCameraUsageDescription = "Please allow us to use your camera";
				INFOPLIST_KEY_NSPhotoLibraryUsageDescription = "Please allow us to use camera";
				INFOPLIST_KEY_UIApplicationSceneManifest_Generation = YES;
				INFOPLIST_KEY_UIApplicationSupportsIndirectInputEvents = YES;
				INFOPLIST_KEY_UILaunchScreen_Generation = YES;
				INFOPLIST_KEY_UISupportedInterfaceOrientations_iPad = "UIInterfaceOrientationPortrait UIInterfaceOrientationPortraitUpsideDown UIInterfaceOrientationLandscapeLeft UIInterfaceOrientationLandscapeRight";
				INFOPLIST_KEY_UISupportedInterfaceOrientations_iPhone = "UIInterfaceOrientationPortrait UIInterfaceOrientationLandscapeLeft UIInterfaceOrientationLandscapeRight";
				IPHONEOS_DEPLOYMENT_TARGET = 15.0;
				LD_RUNPATH_SEARCH_PATHS = (
					"$(inherited)",
					"@executable_path/Frameworks",
				);
				MARKETING_VERSION = 1.0;
				PRODUCT_BUNDLE_IDENTIFIER = bundysdevelopment.Synopic;
				PRODUCT_NAME = "$(TARGET_NAME)";
				SUPPORTED_PLATFORMS = "iphoneos iphonesimulator";
				SUPPORTS_MACCATALYST = NO;
				SUPPORTS_MAC_DESIGNED_FOR_IPHONE_IPAD = NO;
				SWIFT_EMIT_LOC_STRINGS = YES;
				SWIFT_VERSION = 5.0;
				TARGETED_DEVICE_FAMILY = "1,2";
			};
			name = Release;
		};
		1EC0BFD0294BD73000C7541B /* Debug */ = {
			isa = XCBuildConfiguration;
			buildSettings = {
				ALWAYS_EMBED_SWIFT_STANDARD_LIBRARIES = YES;
				BUNDLE_LOADER = "$(TEST_HOST)";
				CODE_SIGN_STYLE = Automatic;
				CURRENT_PROJECT_VERSION = 1;
				DEVELOPMENT_TEAM = B9HGZT984S;
				GENERATE_INFOPLIST_FILE = YES;
				IPHONEOS_DEPLOYMENT_TARGET = 16.2;
				MARKETING_VERSION = 1.0;
				PRODUCT_BUNDLE_IDENTIFIER = bundysdevelopment.SynopicTests;
				PRODUCT_NAME = "$(TARGET_NAME)";
				SWIFT_EMIT_LOC_STRINGS = NO;
				SWIFT_VERSION = 5.0;
				TARGETED_DEVICE_FAMILY = "1,2";
				TEST_HOST = "$(BUILT_PRODUCTS_DIR)/Synopic.app/$(BUNDLE_EXECUTABLE_FOLDER_PATH)/Synopic";
			};
			name = Debug;
		};
		1EC0BFD1294BD73000C7541B /* Release */ = {
			isa = XCBuildConfiguration;
			buildSettings = {
				ALWAYS_EMBED_SWIFT_STANDARD_LIBRARIES = YES;
				BUNDLE_LOADER = "$(TEST_HOST)";
				CODE_SIGN_STYLE = Automatic;
				CURRENT_PROJECT_VERSION = 1;
				DEVELOPMENT_TEAM = B9HGZT984S;
				GENERATE_INFOPLIST_FILE = YES;
				IPHONEOS_DEPLOYMENT_TARGET = 16.2;
				MARKETING_VERSION = 1.0;
				PRODUCT_BUNDLE_IDENTIFIER = bundysdevelopment.SynopicTests;
				PRODUCT_NAME = "$(TARGET_NAME)";
				SWIFT_EMIT_LOC_STRINGS = NO;
				SWIFT_VERSION = 5.0;
				TARGETED_DEVICE_FAMILY = "1,2";
				TEST_HOST = "$(BUILT_PRODUCTS_DIR)/Synopic.app/$(BUNDLE_EXECUTABLE_FOLDER_PATH)/Synopic";
			};
			name = Release;
		};
		1EC0BFD3294BD73000C7541B /* Debug */ = {
			isa = XCBuildConfiguration;
			buildSettings = {
				ALWAYS_EMBED_SWIFT_STANDARD_LIBRARIES = YES;
				CODE_SIGN_STYLE = Automatic;
				CURRENT_PROJECT_VERSION = 1;
				DEVELOPMENT_TEAM = B9HGZT984S;
				GENERATE_INFOPLIST_FILE = YES;
				MARKETING_VERSION = 1.0;
				PRODUCT_BUNDLE_IDENTIFIER = bundysdevelopment.SynopicUITests;
				PRODUCT_NAME = "$(TARGET_NAME)";
				SWIFT_EMIT_LOC_STRINGS = NO;
				SWIFT_VERSION = 5.0;
				TARGETED_DEVICE_FAMILY = "1,2";
				TEST_TARGET_NAME = Synopic;
			};
			name = Debug;
		};
		1EC0BFD4294BD73000C7541B /* Release */ = {
			isa = XCBuildConfiguration;
			buildSettings = {
				ALWAYS_EMBED_SWIFT_STANDARD_LIBRARIES = YES;
				CODE_SIGN_STYLE = Automatic;
				CURRENT_PROJECT_VERSION = 1;
				DEVELOPMENT_TEAM = B9HGZT984S;
				GENERATE_INFOPLIST_FILE = YES;
				MARKETING_VERSION = 1.0;
				PRODUCT_BUNDLE_IDENTIFIER = bundysdevelopment.SynopicUITests;
				PRODUCT_NAME = "$(TARGET_NAME)";
				SWIFT_EMIT_LOC_STRINGS = NO;
				SWIFT_VERSION = 5.0;
				TARGETED_DEVICE_FAMILY = "1,2";
				TEST_TARGET_NAME = Synopic;
			};
			name = Release;
		};
/* End XCBuildConfiguration section */

/* Begin XCConfigurationList section */
		1EC0BFA3294BD72E00C7541B /* Build configuration list for PBXProject "Synopic" */ = {
			isa = XCConfigurationList;
			buildConfigurations = (
				1EC0BFCA294BD73000C7541B /* Debug */,
				1EC0BFCB294BD73000C7541B /* Release */,
			);
			defaultConfigurationIsVisible = 0;
			defaultConfigurationName = Release;
		};
		1EC0BFCC294BD73000C7541B /* Build configuration list for PBXNativeTarget "Synopic" */ = {
			isa = XCConfigurationList;
			buildConfigurations = (
				1EC0BFCD294BD73000C7541B /* Debug */,
				1EC0BFCE294BD73000C7541B /* Release */,
			);
			defaultConfigurationIsVisible = 0;
			defaultConfigurationName = Release;
		};
		1EC0BFCF294BD73000C7541B /* Build configuration list for PBXNativeTarget "SynopicTests" */ = {
			isa = XCConfigurationList;
			buildConfigurations = (
				1EC0BFD0294BD73000C7541B /* Debug */,
				1EC0BFD1294BD73000C7541B /* Release */,
			);
			defaultConfigurationIsVisible = 0;
			defaultConfigurationName = Release;
		};
		1EC0BFD2294BD73000C7541B /* Build configuration list for PBXNativeTarget "SynopicUITests" */ = {
			isa = XCConfigurationList;
			buildConfigurations = (
				1EC0BFD3294BD73000C7541B /* Debug */,
				1EC0BFD4294BD73000C7541B /* Release */,
			);
			defaultConfigurationIsVisible = 0;
			defaultConfigurationName = Release;
		};
/* End XCConfigurationList section */

/* Begin XCRemoteSwiftPackageReference section */
		1EC0BFE1294E800200C7541B /* XCRemoteSwiftPackageReference "Swinject" */ = {
			isa = XCRemoteSwiftPackageReference;
			repositoryURL = "https://github.com/Swinject/Swinject.git";
			requirement = {
				kind = exactVersion;
				version = 2.8.3;
			};
		};
		1EC0BFE4294E80AF00C7541B /* XCRemoteSwiftPackageReference "CombineExt" */ = {
			isa = XCRemoteSwiftPackageReference;
			repositoryURL = "https://github.com/CombineCommunity/CombineExt.git";
			requirement = {
				kind = exactVersion;
				version = 1.8.1;
			};
		};
/* End XCRemoteSwiftPackageReference section */

/* Begin XCSwiftPackageProductDependency section */
		1EC0BFE2294E800200C7541B /* Swinject */ = {
			isa = XCSwiftPackageProductDependency;
			package = 1EC0BFE1294E800200C7541B /* XCRemoteSwiftPackageReference "Swinject" */;
			productName = Swinject;
		};
		1EC0BFE5294E80AF00C7541B /* CombineExt */ = {
			isa = XCSwiftPackageProductDependency;
			package = 1EC0BFE4294E80AF00C7541B /* XCRemoteSwiftPackageReference "CombineExt" */;
			productName = CombineExt;
		};
/* End XCSwiftPackageProductDependency section */
	};
	rootObject = 1EC0BFA0294BD72E00C7541B /* Project object */;
}
